// !$*UTF8*$!
{
	archiveVersion = 1;
	classes = {
	};
	objectVersion = 46;
	objects = {

/* Begin PBXBuildFile section */
		6F0EA6D016E3522900043C39 /* BWCStep1ViewController.m in Sources */ = {isa = PBXBuildFile; fileRef = 6F0EA6CF16E3522900043C39 /* BWCStep1ViewController.m */; };
		6F0EA6D316E3590D00043C39 /* BWCStep2ViewController.m in Sources */ = {isa = PBXBuildFile; fileRef = 6F0EA6D216E3590D00043C39 /* BWCStep2ViewController.m */; };
		6F0EA6D616E35F3200043C39 /* BWCStep3ViewController.m in Sources */ = {isa = PBXBuildFile; fileRef = 6F0EA6D516E35F3200043C39 /* BWCStep3ViewController.m */; };
		6F10344116D0E836004A7C35 /* BWCPasswordViewController.m in Sources */ = {isa = PBXBuildFile; fileRef = 6F10344016D0E836004A7C35 /* BWCPasswordViewController.m */; };
		6F10344516D117F8004A7C35 /* BWCNumberViewController.m in Sources */ = {isa = PBXBuildFile; fileRef = 6F10344416D117F8004A7C35 /* BWCNumberViewController.m */; };
		6F10344716D131F9004A7C35 /* MessageUI.framework in Frameworks */ = {isa = PBXBuildFile; fileRef = 6F10344616D131F9004A7C35 /* MessageUI.framework */; };
		6F11C6D916F4FE0D00DE7ADD /* iTunesArtwork.png in Resources */ = {isa = PBXBuildFile; fileRef = 6F11C6D716F4FE0D00DE7ADD /* iTunesArtwork.png */; };
		6F11C6DA16F4FE0D00DE7ADD /* iTunesArtwork@2x.png in Resources */ = {isa = PBXBuildFile; fileRef = 6F11C6D816F4FE0D00DE7ADD /* iTunesArtwork@2x.png */; };
		6F1830E316E2011600F3DF88 /* BWCCallViewController.m in Sources */ = {isa = PBXBuildFile; fileRef = 6F1830E216E2011600F3DF88 /* BWCCallViewController.m */; };
		6F1830E716E2097A00F3DF88 /* BWCSetDevicesViewController.m in Sources */ = {isa = PBXBuildFile; fileRef = 6F1830E616E2097A00F3DF88 /* BWCSetDevicesViewController.m */; };
		6F1830EA16E215E000F3DF88 /* BWCSensibilityViewController.m in Sources */ = {isa = PBXBuildFile; fileRef = 6F1830E916E215E000F3DF88 /* BWCSensibilityViewController.m */; };
		6F2B11E016B401DC00C07BE8 /* BWCCommandBuilder.m in Sources */ = {isa = PBXBuildFile; fileRef = 6F2B11DF16B401DC00C07BE8 /* BWCCommandBuilder.m */; };
		6F4EA74917045E150096D5E2 /* MainStoryboard_iPhone.storyboard in Resources */ = {isa = PBXBuildFile; fileRef = 6F4EA74717045E150096D5E2 /* MainStoryboard_iPhone.storyboard */; };
		6F67C13016A32C5B00874715 /* UIKit.framework in Frameworks */ = {isa = PBXBuildFile; fileRef = 6F67C12F16A32C5A00874715 /* UIKit.framework */; };
		6F67C13216A32C5B00874715 /* Foundation.framework in Frameworks */ = {isa = PBXBuildFile; fileRef = 6F67C13116A32C5B00874715 /* Foundation.framework */; };
		6F67C13416A32C5B00874715 /* CoreGraphics.framework in Frameworks */ = {isa = PBXBuildFile; fileRef = 6F67C13316A32C5B00874715 /* CoreGraphics.framework */; };
		6F67C13C16A32C5B00874715 /* main.m in Sources */ = {isa = PBXBuildFile; fileRef = 6F67C13B16A32C5B00874715 /* main.m */; };
		6F67C14016A32C5B00874715 /* BWCAppDelegate.m in Sources */ = {isa = PBXBuildFile; fileRef = 6F67C13F16A32C5B00874715 /* BWCAppDelegate.m */; };
		6F67C16316A32CDE00874715 /* BWCHomeViewController.m in Sources */ = {isa = PBXBuildFile; fileRef = 6F67C16216A32CDE00874715 /* BWCHomeViewController.m */; };
		6F67C16616A32CF200874715 /* BWCAlarmViewController.m in Sources */ = {isa = PBXBuildFile; fileRef = 6F67C16516A32CF200874715 /* BWCAlarmViewController.m */; };
		6F67C16916A32CFF00874715 /* BWCSystemViewController.m in Sources */ = {isa = PBXBuildFile; fileRef = 6F67C16816A32CFF00874715 /* BWCSystemViewController.m */; };
		6F715C8416EB58C600AAFE32 /* assemble_off_pressed@2x.png in Resources */ = {isa = PBXBuildFile; fileRef = 6F715C7516EB58C600AAFE32 /* assemble_off_pressed@2x.png */; };
		6F715C8516EB58C600AAFE32 /* assemble_off@2x.png in Resources */ = {isa = PBXBuildFile; fileRef = 6F715C7616EB58C600AAFE32 /* assemble_off@2x.png */; };
		6F715C8616EB58C600AAFE32 /* assemble_on_pressed@2x.png in Resources */ = {isa = PBXBuildFile; fileRef = 6F715C7716EB58C600AAFE32 /* assemble_on_pressed@2x.png */; };
		6F715C8716EB58C600AAFE32 /* assemble_on@2x.png in Resources */ = {isa = PBXBuildFile; fileRef = 6F715C7816EB58C600AAFE32 /* assemble_on@2x.png */; };
		6F715C8816EB58C600AAFE32 /* banner@2x.png in Resources */ = {isa = PBXBuildFile; fileRef = 6F715C7916EB58C600AAFE32 /* banner@2x.png */; };
		6F715C8916EB58C600AAFE32 /* engine_pressed@2x.png in Resources */ = {isa = PBXBuildFile; fileRef = 6F715C7A16EB58C600AAFE32 /* engine_pressed@2x.png */; };
		6F715C8A16EB58C600AAFE32 /* engine@2x.png in Resources */ = {isa = PBXBuildFile; fileRef = 6F715C7B16EB58C600AAFE32 /* engine@2x.png */; };
		6F715C8B16EB58C600AAFE32 /* location_pressed@2x.png in Resources */ = {isa = PBXBuildFile; fileRef = 6F715C7C16EB58C600AAFE32 /* location_pressed@2x.png */; };
		6F715C8C16EB58C600AAFE32 /* location@2x.png in Resources */ = {isa = PBXBuildFile; fileRef = 6F715C7D16EB58C600AAFE32 /* location@2x.png */; };
		6F715C8D16EB58C600AAFE32 /* save_pressed@2x.png in Resources */ = {isa = PBXBuildFile; fileRef = 6F715C7E16EB58C600AAFE32 /* save_pressed@2x.png */; };
		6F715C8E16EB58C600AAFE32 /* save@2x.png in Resources */ = {isa = PBXBuildFile; fileRef = 6F715C7F16EB58C600AAFE32 /* save@2x.png */; };
		6F715C8F16EB58C600AAFE32 /* sensor_pressed@2x.png in Resources */ = {isa = PBXBuildFile; fileRef = 6F715C8016EB58C600AAFE32 /* sensor_pressed@2x.png */; };
		6F715C9016EB58C600AAFE32 /* sensor@2x.png in Resources */ = {isa = PBXBuildFile; fileRef = 6F715C8116EB58C600AAFE32 /* sensor@2x.png */; };
		6F715C9116EB58C600AAFE32 /* siren_pressed@2x.png in Resources */ = {isa = PBXBuildFile; fileRef = 6F715C8216EB58C600AAFE32 /* siren_pressed@2x.png */; };
		6F715C9216EB58C600AAFE32 /* siren@2x.png in Resources */ = {isa = PBXBuildFile; fileRef = 6F715C8316EB58C600AAFE32 /* siren@2x.png */; };
		6FD22A9D16B72759009AEFE4 /* Localizable.strings in Resources */ = {isa = PBXBuildFile; fileRef = 6FD22A9B16B72759009AEFE4 /* Localizable.strings */; };
		6FF247D916BEC178004A9629 /* BWCSettingsViewController.m in Sources */ = {isa = PBXBuildFile; fileRef = 6FF247D816BEC178004A9629 /* BWCSettingsViewController.m */; };
		6FFCDEDF16C7AD6300BB4A9E /* assemble_off_pressed_iphone5.png in Resources */ = {isa = PBXBuildFile; fileRef = 6FFCDED616C7AD6300BB4A9E /* assemble_off_pressed_iphone5.png */; };
		6FFCDEE016C7AD6300BB4A9E /* assemble_off_iphone5.png in Resources */ = {isa = PBXBuildFile; fileRef = 6FFCDED716C7AD6300BB4A9E /* assemble_off_iphone5.png */; };
		6FFCDEE116C7AD6300BB4A9E /* assemble_on_pressed_iphone5.png in Resources */ = {isa = PBXBuildFile; fileRef = 6FFCDED816C7AD6300BB4A9E /* assemble_on_pressed_iphone5.png */; };
		6FFCDEE216C7AD6300BB4A9E /* assemble_on_iphone5.png in Resources */ = {isa = PBXBuildFile; fileRef = 6FFCDED916C7AD6300BB4A9E /* assemble_on_iphone5.png */; };
		6FFCDEE316C7AD6300BB4A9E /* banner_iphone5.png in Resources */ = {isa = PBXBuildFile; fileRef = 6FFCDEDA16C7AD6300BB4A9E /* banner_iphone5.png */; };
		6FFCDEE416C7AD6300BB4A9E /* engine_pressed_iphone5.png in Resources */ = {isa = PBXBuildFile; fileRef = 6FFCDEDB16C7AD6300BB4A9E /* engine_pressed_iphone5.png */; };
		6FFCDEE516C7AD6300BB4A9E /* engine_iphone5.png in Resources */ = {isa = PBXBuildFile; fileRef = 6FFCDEDC16C7AD6300BB4A9E /* engine_iphone5.png */; };
		6FFCDEE616C7AD6300BB4A9E /* siren_pressed_iphone5.png in Resources */ = {isa = PBXBuildFile; fileRef = 6FFCDEDD16C7AD6300BB4A9E /* siren_pressed_iphone5.png */; };
		6FFCDEE716C7AD6300BB4A9E /* siren_iphone5.png in Resources */ = {isa = PBXBuildFile; fileRef = 6FFCDEDE16C7AD6300BB4A9E /* siren_iphone5.png */; };
		6FFCDEEE16C7AE6C00BB4A9E /* location_pressed_iphone5.png in Resources */ = {isa = PBXBuildFile; fileRef = 6FFCDEE816C7AE6C00BB4A9E /* location_pressed_iphone5.png */; };
		6FFCDEEF16C7AE6C00BB4A9E /* location_iphone5.png in Resources */ = {isa = PBXBuildFile; fileRef = 6FFCDEE916C7AE6C00BB4A9E /* location_iphone5.png */; };
		6FFCDEF116C7AE6C00BB4A9E /* save_iphone5.png in Resources */ = {isa = PBXBuildFile; fileRef = 6FFCDEEB16C7AE6C00BB4A9E /* save_iphone5.png */; };
		6FFCDEF216C7AE6C00BB4A9E /* sensor_pressed_iphone5.png in Resources */ = {isa = PBXBuildFile; fileRef = 6FFCDEEC16C7AE6C00BB4A9E /* sensor_pressed_iphone5.png */; };
		6FFCDEF316C7AE6C00BB4A9E /* sensor_iphone5.png in Resources */ = {isa = PBXBuildFile; fileRef = 6FFCDEED16C7AE6C00BB4A9E /* sensor_iphone5.png */; };
		6FFCDEF716C7B47400BB4A9E /* save_pressed_iphone5.png in Resources */ = {isa = PBXBuildFile; fileRef = 6FFCDEF616C7B47400BB4A9E /* save_pressed_iphone5.png */; };
		6FFCDEFD16C7B5B900BB4A9E /* alarm@2x.png in Resources */ = {isa = PBXBuildFile; fileRef = 6FFCDEF916C7B5B900BB4A9E /* alarm@2x.png */; };
		6FFCDEFE16C7B5B900BB4A9E /* home@2x.png in Resources */ = {isa = PBXBuildFile; fileRef = 6FFCDEFA16C7B5B900BB4A9E /* home@2x.png */; };
		6FFCDEFF16C7B5B900BB4A9E /* settings@2x.png in Resources */ = {isa = PBXBuildFile; fileRef = 6FFCDEFB16C7B5B900BB4A9E /* settings@2x.png */; };
		6FFCDF0016C7B5B900BB4A9E /* system@2x.png in Resources */ = {isa = PBXBuildFile; fileRef = 6FFCDEFC16C7B5B900BB4A9E /* system@2x.png */; };
		6FFCDF0516C7B5C700BB4A9E /* alarm.png in Resources */ = {isa = PBXBuildFile; fileRef = 6FFCDF0116C7B5C700BB4A9E /* alarm.png */; };
		6FFCDF0616C7B5C700BB4A9E /* home.png in Resources */ = {isa = PBXBuildFile; fileRef = 6FFCDF0216C7B5C700BB4A9E /* home.png */; };
		6FFCDF0716C7B5C700BB4A9E /* settings.png in Resources */ = {isa = PBXBuildFile; fileRef = 6FFCDF0316C7B5C700BB4A9E /* settings.png */; };
		6FFCDF0816C7B5C700BB4A9E /* system.png in Resources */ = {isa = PBXBuildFile; fileRef = 6FFCDF0416C7B5C700BB4A9E /* system.png */; };
		6FFCDF0C16C7B82500BB4A9E /* button_pressed.png in Resources */ = {isa = PBXBuildFile; fileRef = 6FFCDF0A16C7B82500BB4A9E /* button_pressed.png */; };
		6FFCDF0D16C7B82500BB4A9E /* button.png in Resources */ = {isa = PBXBuildFile; fileRef = 6FFCDF0B16C7B82500BB4A9E /* button.png */; };
		6FFCDF1016C7BA3B00BB4A9E /* button_pressed@2x.png in Resources */ = {isa = PBXBuildFile; fileRef = 6FFCDF0E16C7BA3A00BB4A9E /* button_pressed@2x.png */; };
		6FFCDF1116C7BA3B00BB4A9E /* button@2x.png in Resources */ = {isa = PBXBuildFile; fileRef = 6FFCDF0F16C7BA3A00BB4A9E /* button@2x.png */; };
		6FFCDF1C16C7BDAC00BB4A9E /* Default.png in Resources */ = {isa = PBXBuildFile; fileRef = 6FFCDF1B16C7BDAC00BB4A9E /* Default.png */; };
		6FFCDF1E16C7BDB900BB4A9E /* Default@2x.png in Resources */ = {isa = PBXBuildFile; fileRef = 6FFCDF1D16C7BDB900BB4A9E /* Default@2x.png */; };
		6FFCDF2416C7BEA000BB4A9E /* Default-568h@2x.png in Resources */ = {isa = PBXBuildFile; fileRef = 6FFCDF2316C7BEA000BB4A9E /* Default-568h@2x.png */; };
		6FFCDF2616C7BFCC00BB4A9E /* Icon.png in Resources */ = {isa = PBXBuildFile; fileRef = 6FFCDF2516C7BFCC00BB4A9E /* Icon.png */; };
		6FFCDF2816C7BFD400BB4A9E /* Icon@2x.png in Resources */ = {isa = PBXBuildFile; fileRef = 6FFCDF2716C7BFD400BB4A9E /* Icon@2x.png */; };
		6FFCDF5D16C7C34700BB4A9E /* assemble_off_pressed.png in Resources */ = {isa = PBXBuildFile; fileRef = 6FFCDF4E16C7C34700BB4A9E /* assemble_off_pressed.png */; };
		6FFCDF5E16C7C34700BB4A9E /* assemble_off.png in Resources */ = {isa = PBXBuildFile; fileRef = 6FFCDF4F16C7C34700BB4A9E /* assemble_off.png */; };
		6FFCDF5F16C7C34700BB4A9E /* assemble_on_pressed.png in Resources */ = {isa = PBXBuildFile; fileRef = 6FFCDF5016C7C34700BB4A9E /* assemble_on_pressed.png */; };
		6FFCDF6016C7C34700BB4A9E /* assemble_on.png in Resources */ = {isa = PBXBuildFile; fileRef = 6FFCDF5116C7C34700BB4A9E /* assemble_on.png */; };
		6FFCDF6116C7C34700BB4A9E /* banner.png in Resources */ = {isa = PBXBuildFile; fileRef = 6FFCDF5216C7C34700BB4A9E /* banner.png */; };
		6FFCDF6216C7C34700BB4A9E /* engine_pressed.png in Resources */ = {isa = PBXBuildFile; fileRef = 6FFCDF5316C7C34700BB4A9E /* engine_pressed.png */; };
		6FFCDF6316C7C34700BB4A9E /* engine.png in Resources */ = {isa = PBXBuildFile; fileRef = 6FFCDF5416C7C34700BB4A9E /* engine.png */; };
		6FFCDF6416C7C34700BB4A9E /* location_pressed.png in Resources */ = {isa = PBXBuildFile; fileRef = 6FFCDF5516C7C34700BB4A9E /* location_pressed.png */; };
		6FFCDF6516C7C34700BB4A9E /* location.png in Resources */ = {isa = PBXBuildFile; fileRef = 6FFCDF5616C7C34700BB4A9E /* location.png */; };
		6FFCDF6616C7C34700BB4A9E /* save_pressed.png in Resources */ = {isa = PBXBuildFile; fileRef = 6FFCDF5716C7C34700BB4A9E /* save_pressed.png */; };
		6FFCDF6716C7C34700BB4A9E /* save.png in Resources */ = {isa = PBXBuildFile; fileRef = 6FFCDF5816C7C34700BB4A9E /* save.png */; };
		6FFCDF6816C7C34700BB4A9E /* sensor_pressed.png in Resources */ = {isa = PBXBuildFile; fileRef = 6FFCDF5916C7C34700BB4A9E /* sensor_pressed.png */; };
		6FFCDF6916C7C34700BB4A9E /* sensor.png in Resources */ = {isa = PBXBuildFile; fileRef = 6FFCDF5A16C7C34700BB4A9E /* sensor.png */; };
		6FFCDF6A16C7C34700BB4A9E /* siren_pressed.png in Resources */ = {isa = PBXBuildFile; fileRef = 6FFCDF5B16C7C34700BB4A9E /* siren_pressed.png */; };
		6FFCDF6B16C7C34700BB4A9E /* siren.png in Resources */ = {isa = PBXBuildFile; fileRef = 6FFCDF5C16C7C34700BB4A9E /* siren.png */; };
/* End PBXBuildFile section */

/* Begin PBXFileReference section */
		6F0EA6CE16E3522900043C39 /* BWCStep1ViewController.h */ = {isa = PBXFileReference; fileEncoding = 4; lastKnownFileType = sourcecode.c.h; path = BWCStep1ViewController.h; sourceTree = "<group>"; };
		6F0EA6CF16E3522900043C39 /* BWCStep1ViewController.m */ = {isa = PBXFileReference; fileEncoding = 4; lastKnownFileType = sourcecode.c.objc; lineEnding = 0; path = BWCStep1ViewController.m; sourceTree = "<group>"; xcLanguageSpecificationIdentifier = xcode.lang.objc; };
		6F0EA6D116E3590D00043C39 /* BWCStep2ViewController.h */ = {isa = PBXFileReference; fileEncoding = 4; lastKnownFileType = sourcecode.c.h; path = BWCStep2ViewController.h; sourceTree = "<group>"; };
		6F0EA6D216E3590D00043C39 /* BWCStep2ViewController.m */ = {isa = PBXFileReference; fileEncoding = 4; lastKnownFileType = sourcecode.c.objc; lineEnding = 0; path = BWCStep2ViewController.m; sourceTree = "<group>"; xcLanguageSpecificationIdentifier = xcode.lang.objc; };
		6F0EA6D416E35F3200043C39 /* BWCStep3ViewController.h */ = {isa = PBXFileReference; fileEncoding = 4; lastKnownFileType = sourcecode.c.h; path = BWCStep3ViewController.h; sourceTree = "<group>"; };
		6F0EA6D516E35F3200043C39 /* BWCStep3ViewController.m */ = {isa = PBXFileReference; fileEncoding = 4; lastKnownFileType = sourcecode.c.objc; lineEnding = 0; path = BWCStep3ViewController.m; sourceTree = "<group>"; xcLanguageSpecificationIdentifier = xcode.lang.objc; };
		6F10343F16D0E836004A7C35 /* BWCPasswordViewController.h */ = {isa = PBXFileReference; fileEncoding = 4; lastKnownFileType = sourcecode.c.h; path = BWCPasswordViewController.h; sourceTree = "<group>"; };
		6F10344016D0E836004A7C35 /* BWCPasswordViewController.m */ = {isa = PBXFileReference; fileEncoding = 4; lastKnownFileType = sourcecode.c.objc; path = BWCPasswordViewController.m; sourceTree = "<group>"; };
		6F10344316D117F8004A7C35 /* BWCNumberViewController.h */ = {isa = PBXFileReference; fileEncoding = 4; lastKnownFileType = sourcecode.c.h; path = BWCNumberViewController.h; sourceTree = "<group>"; };
		6F10344416D117F8004A7C35 /* BWCNumberViewController.m */ = {isa = PBXFileReference; fileEncoding = 4; lastKnownFileType = sourcecode.c.objc; path = BWCNumberViewController.m; sourceTree = "<group>"; };
		6F10344616D131F9004A7C35 /* MessageUI.framework */ = {isa = PBXFileReference; lastKnownFileType = wrapper.framework; name = MessageUI.framework; path = System/Library/Frameworks/MessageUI.framework; sourceTree = SDKROOT; };
		6F11C6D716F4FE0D00DE7ADD /* iTunesArtwork.png */ = {isa = PBXFileReference; lastKnownFileType = image.png; path = iTunesArtwork.png; sourceTree = "<group>"; };
		6F11C6D816F4FE0D00DE7ADD /* iTunesArtwork@2x.png */ = {isa = PBXFileReference; lastKnownFileType = image.png; path = "iTunesArtwork@2x.png"; sourceTree = "<group>"; };
		6F1830E116E2011600F3DF88 /* BWCCallViewController.h */ = {isa = PBXFileReference; fileEncoding = 4; lastKnownFileType = sourcecode.c.h; path = BWCCallViewController.h; sourceTree = "<group>"; };
		6F1830E216E2011600F3DF88 /* BWCCallViewController.m */ = {isa = PBXFileReference; fileEncoding = 4; lastKnownFileType = sourcecode.c.objc; path = BWCCallViewController.m; sourceTree = "<group>"; };
		6F1830E516E2097A00F3DF88 /* BWCSetDevicesViewController.h */ = {isa = PBXFileReference; fileEncoding = 4; lastKnownFileType = sourcecode.c.h; path = BWCSetDevicesViewController.h; sourceTree = "<group>"; };
		6F1830E616E2097A00F3DF88 /* BWCSetDevicesViewController.m */ = {isa = PBXFileReference; fileEncoding = 4; lastKnownFileType = sourcecode.c.objc; path = BWCSetDevicesViewController.m; sourceTree = "<group>"; };
		6F1830E816E215E000F3DF88 /* BWCSensibilityViewController.h */ = {isa = PBXFileReference; fileEncoding = 4; lastKnownFileType = sourcecode.c.h; path = BWCSensibilityViewController.h; sourceTree = "<group>"; };
		6F1830E916E215E000F3DF88 /* BWCSensibilityViewController.m */ = {isa = PBXFileReference; fileEncoding = 4; lastKnownFileType = sourcecode.c.objc; path = BWCSensibilityViewController.m; sourceTree = "<group>"; };
		6F2B11DE16B401DC00C07BE8 /* BWCCommandBuilder.h */ = {isa = PBXFileReference; fileEncoding = 4; lastKnownFileType = sourcecode.c.h; path = BWCCommandBuilder.h; sourceTree = "<group>"; };
		6F2B11DF16B401DC00C07BE8 /* BWCCommandBuilder.m */ = {isa = PBXFileReference; fileEncoding = 4; lastKnownFileType = sourcecode.c.objc; path = BWCCommandBuilder.m; sourceTree = "<group>"; };
		6F4EA74817045E150096D5E2 /* en */ = {isa = PBXFileReference; lastKnownFileType = file.storyboard; name = en; path = en.lproj/MainStoryboard_iPhone.storyboard; sourceTree = "<group>"; };
		6F67C12B16A32C5A00874715 /* W-Bretto.app */ = {isa = PBXFileReference; explicitFileType = wrapper.application; includeInIndex = 0; path = "W-Bretto.app"; sourceTree = BUILT_PRODUCTS_DIR; };
		6F67C12F16A32C5A00874715 /* UIKit.framework */ = {isa = PBXFileReference; lastKnownFileType = wrapper.framework; name = UIKit.framework; path = System/Library/Frameworks/UIKit.framework; sourceTree = SDKROOT; };
		6F67C13116A32C5B00874715 /* Foundation.framework */ = {isa = PBXFileReference; lastKnownFileType = wrapper.framework; name = Foundation.framework; path = System/Library/Frameworks/Foundation.framework; sourceTree = SDKROOT; };
		6F67C13316A32C5B00874715 /* CoreGraphics.framework */ = {isa = PBXFileReference; lastKnownFileType = wrapper.framework; name = CoreGraphics.framework; path = System/Library/Frameworks/CoreGraphics.framework; sourceTree = SDKROOT; };
		6F67C13716A32C5B00874715 /* BrettoWControl-Info.plist */ = {isa = PBXFileReference; lastKnownFileType = text.plist.xml; path = "BrettoWControl-Info.plist"; sourceTree = "<group>"; };
		6F67C13B16A32C5B00874715 /* main.m */ = {isa = PBXFileReference; lastKnownFileType = sourcecode.c.objc; path = main.m; sourceTree = "<group>"; };
		6F67C13D16A32C5B00874715 /* BrettoWControl-Prefix.pch */ = {isa = PBXFileReference; lastKnownFileType = sourcecode.c.h; path = "BrettoWControl-Prefix.pch"; sourceTree = "<group>"; };
		6F67C13E16A32C5B00874715 /* BWCAppDelegate.h */ = {isa = PBXFileReference; lastKnownFileType = sourcecode.c.h; path = BWCAppDelegate.h; sourceTree = "<group>"; };
		6F67C13F16A32C5B00874715 /* BWCAppDelegate.m */ = {isa = PBXFileReference; lastKnownFileType = sourcecode.c.objc; lineEnding = 0; path = BWCAppDelegate.m; sourceTree = "<group>"; xcLanguageSpecificationIdentifier = xcode.lang.objc; };
		6F67C16116A32CDE00874715 /* BWCHomeViewController.h */ = {isa = PBXFileReference; fileEncoding = 4; lastKnownFileType = sourcecode.c.h; path = BWCHomeViewController.h; sourceTree = "<group>"; };
		6F67C16216A32CDE00874715 /* BWCHomeViewController.m */ = {isa = PBXFileReference; fileEncoding = 4; lastKnownFileType = sourcecode.c.objc; lineEnding = 0; path = BWCHomeViewController.m; sourceTree = "<group>"; xcLanguageSpecificationIdentifier = xcode.lang.objc; };
		6F67C16416A32CF200874715 /* BWCAlarmViewController.h */ = {isa = PBXFileReference; fileEncoding = 4; lastKnownFileType = sourcecode.c.h; path = BWCAlarmViewController.h; sourceTree = "<group>"; };
		6F67C16516A32CF200874715 /* BWCAlarmViewController.m */ = {isa = PBXFileReference; fileEncoding = 4; lastKnownFileType = sourcecode.c.objc; path = BWCAlarmViewController.m; sourceTree = "<group>"; };
		6F67C16716A32CFF00874715 /* BWCSystemViewController.h */ = {isa = PBXFileReference; fileEncoding = 4; lastKnownFileType = sourcecode.c.h; path = BWCSystemViewController.h; sourceTree = "<group>"; };
		6F67C16816A32CFF00874715 /* BWCSystemViewController.m */ = {isa = PBXFileReference; fileEncoding = 4; lastKnownFileType = sourcecode.c.objc; path = BWCSystemViewController.m; sourceTree = "<group>"; };
		6F715C7516EB58C600AAFE32 /* assemble_off_pressed@2x.png */ = {isa = PBXFileReference; lastKnownFileType = image.png; path = "assemble_off_pressed@2x.png"; sourceTree = "<group>"; };
		6F715C7616EB58C600AAFE32 /* assemble_off@2x.png */ = {isa = PBXFileReference; lastKnownFileType = image.png; path = "assemble_off@2x.png"; sourceTree = "<group>"; };
		6F715C7716EB58C600AAFE32 /* assemble_on_pressed@2x.png */ = {isa = PBXFileReference; lastKnownFileType = image.png; path = "assemble_on_pressed@2x.png"; sourceTree = "<group>"; };
		6F715C7816EB58C600AAFE32 /* assemble_on@2x.png */ = {isa = PBXFileReference; lastKnownFileType = image.png; path = "assemble_on@2x.png"; sourceTree = "<group>"; };
		6F715C7916EB58C600AAFE32 /* banner@2x.png */ = {isa = PBXFileReference; lastKnownFileType = image.png; path = "banner@2x.png"; sourceTree = "<group>"; };
		6F715C7A16EB58C600AAFE32 /* engine_pressed@2x.png */ = {isa = PBXFileReference; lastKnownFileType = image.png; path = "engine_pressed@2x.png"; sourceTree = "<group>"; };
		6F715C7B16EB58C600AAFE32 /* engine@2x.png */ = {isa = PBXFileReference; lastKnownFileType = image.png; path = "engine@2x.png"; sourceTree = "<group>"; };
		6F715C7C16EB58C600AAFE32 /* location_pressed@2x.png */ = {isa = PBXFileReference; lastKnownFileType = image.png; path = "location_pressed@2x.png"; sourceTree = "<group>"; };
		6F715C7D16EB58C600AAFE32 /* location@2x.png */ = {isa = PBXFileReference; lastKnownFileType = image.png; path = "location@2x.png"; sourceTree = "<group>"; };
		6F715C7E16EB58C600AAFE32 /* save_pressed@2x.png */ = {isa = PBXFileReference; lastKnownFileType = image.png; path = "save_pressed@2x.png"; sourceTree = "<group>"; };
		6F715C7F16EB58C600AAFE32 /* save@2x.png */ = {isa = PBXFileReference; lastKnownFileType = image.png; path = "save@2x.png"; sourceTree = "<group>"; };
		6F715C8016EB58C600AAFE32 /* sensor_pressed@2x.png */ = {isa = PBXFileReference; lastKnownFileType = image.png; path = "sensor_pressed@2x.png"; sourceTree = "<group>"; };
		6F715C8116EB58C600AAFE32 /* sensor@2x.png */ = {isa = PBXFileReference; lastKnownFileType = image.png; path = "sensor@2x.png"; sourceTree = "<group>"; };
		6F715C8216EB58C600AAFE32 /* siren_pressed@2x.png */ = {isa = PBXFileReference; lastKnownFileType = image.png; path = "siren_pressed@2x.png"; sourceTree = "<group>"; };
		6F715C8316EB58C600AAFE32 /* siren@2x.png */ = {isa = PBXFileReference; lastKnownFileType = image.png; path = "siren@2x.png"; sourceTree = "<group>"; };
		6FD22A9C16B72759009AEFE4 /* en */ = {isa = PBXFileReference; lastKnownFileType = text.plist.strings; lineEnding = 0; name = en; path = en.lproj/Localizable.strings; sourceTree = "<group>"; xcLanguageSpecificationIdentifier = xcode.lang.simpleColoring; };
		6FF247D716BEC178004A9629 /* BWCSettingsViewController.h */ = {isa = PBXFileReference; fileEncoding = 4; lastKnownFileType = sourcecode.c.h; path = BWCSettingsViewController.h; sourceTree = "<group>"; };
		6FF247D816BEC178004A9629 /* BWCSettingsViewController.m */ = {isa = PBXFileReference; fileEncoding = 4; lastKnownFileType = sourcecode.c.objc; path = BWCSettingsViewController.m; sourceTree = "<group>"; };
		6FFCDED616C7AD6300BB4A9E /* assemble_off_pressed_iphone5.png */ = {isa = PBXFileReference; lastKnownFileType = image.png; path = assemble_off_pressed_iphone5.png; sourceTree = "<group>"; };
		6FFCDED716C7AD6300BB4A9E /* assemble_off_iphone5.png */ = {isa = PBXFileReference; lastKnownFileType = image.png; path = assemble_off_iphone5.png; sourceTree = "<group>"; };
		6FFCDED816C7AD6300BB4A9E /* assemble_on_pressed_iphone5.png */ = {isa = PBXFileReference; lastKnownFileType = image.png; path = assemble_on_pressed_iphone5.png; sourceTree = "<group>"; };
		6FFCDED916C7AD6300BB4A9E /* assemble_on_iphone5.png */ = {isa = PBXFileReference; lastKnownFileType = image.png; path = assemble_on_iphone5.png; sourceTree = "<group>"; };
		6FFCDEDA16C7AD6300BB4A9E /* banner_iphone5.png */ = {isa = PBXFileReference; lastKnownFileType = image.png; path = banner_iphone5.png; sourceTree = "<group>"; };
		6FFCDEDB16C7AD6300BB4A9E /* engine_pressed_iphone5.png */ = {isa = PBXFileReference; lastKnownFileType = image.png; path = engine_pressed_iphone5.png; sourceTree = "<group>"; };
		6FFCDEDC16C7AD6300BB4A9E /* engine_iphone5.png */ = {isa = PBXFileReference; lastKnownFileType = image.png; path = engine_iphone5.png; sourceTree = "<group>"; };
		6FFCDEDD16C7AD6300BB4A9E /* siren_pressed_iphone5.png */ = {isa = PBXFileReference; lastKnownFileType = image.png; path = siren_pressed_iphone5.png; sourceTree = "<group>"; };
		6FFCDEDE16C7AD6300BB4A9E /* siren_iphone5.png */ = {isa = PBXFileReference; lastKnownFileType = image.png; path = siren_iphone5.png; sourceTree = "<group>"; };
		6FFCDEE816C7AE6C00BB4A9E /* location_pressed_iphone5.png */ = {isa = PBXFileReference; lastKnownFileType = image.png; path = location_pressed_iphone5.png; sourceTree = "<group>"; };
		6FFCDEE916C7AE6C00BB4A9E /* location_iphone5.png */ = {isa = PBXFileReference; lastKnownFileType = image.png; path = location_iphone5.png; sourceTree = "<group>"; };
		6FFCDEEB16C7AE6C00BB4A9E /* save_iphone5.png */ = {isa = PBXFileReference; lastKnownFileType = image.png; path = save_iphone5.png; sourceTree = "<group>"; };
		6FFCDEEC16C7AE6C00BB4A9E /* sensor_pressed_iphone5.png */ = {isa = PBXFileReference; lastKnownFileType = image.png; path = sensor_pressed_iphone5.png; sourceTree = "<group>"; };
		6FFCDEED16C7AE6C00BB4A9E /* sensor_iphone5.png */ = {isa = PBXFileReference; lastKnownFileType = image.png; path = sensor_iphone5.png; sourceTree = "<group>"; };
		6FFCDEF616C7B47400BB4A9E /* save_pressed_iphone5.png */ = {isa = PBXFileReference; lastKnownFileType = image.png; path = save_pressed_iphone5.png; sourceTree = "<group>"; };
		6FFCDEF916C7B5B900BB4A9E /* alarm@2x.png */ = {isa = PBXFileReference; lastKnownFileType = image.png; path = "alarm@2x.png"; sourceTree = "<group>"; };
		6FFCDEFA16C7B5B900BB4A9E /* home@2x.png */ = {isa = PBXFileReference; lastKnownFileType = image.png; path = "home@2x.png"; sourceTree = "<group>"; };
		6FFCDEFB16C7B5B900BB4A9E /* settings@2x.png */ = {isa = PBXFileReference; lastKnownFileType = image.png; path = "settings@2x.png"; sourceTree = "<group>"; };
		6FFCDEFC16C7B5B900BB4A9E /* system@2x.png */ = {isa = PBXFileReference; lastKnownFileType = image.png; path = "system@2x.png"; sourceTree = "<group>"; };
		6FFCDF0116C7B5C700BB4A9E /* alarm.png */ = {isa = PBXFileReference; lastKnownFileType = image.png; path = alarm.png; sourceTree = "<group>"; };
		6FFCDF0216C7B5C700BB4A9E /* home.png */ = {isa = PBXFileReference; lastKnownFileType = image.png; path = home.png; sourceTree = "<group>"; };
		6FFCDF0316C7B5C700BB4A9E /* settings.png */ = {isa = PBXFileReference; lastKnownFileType = image.png; path = settings.png; sourceTree = "<group>"; };
		6FFCDF0416C7B5C700BB4A9E /* system.png */ = {isa = PBXFileReference; lastKnownFileType = image.png; path = system.png; sourceTree = "<group>"; };
		6FFCDF0A16C7B82500BB4A9E /* button_pressed.png */ = {isa = PBXFileReference; lastKnownFileType = image.png; path = button_pressed.png; sourceTree = "<group>"; };
		6FFCDF0B16C7B82500BB4A9E /* button.png */ = {isa = PBXFileReference; lastKnownFileType = image.png; path = button.png; sourceTree = "<group>"; };
		6FFCDF0E16C7BA3A00BB4A9E /* button_pressed@2x.png */ = {isa = PBXFileReference; lastKnownFileType = image.png; path = "button_pressed@2x.png"; sourceTree = "<group>"; };
		6FFCDF0F16C7BA3A00BB4A9E /* button@2x.png */ = {isa = PBXFileReference; lastKnownFileType = image.png; path = "button@2x.png"; sourceTree = "<group>"; };
		6FFCDF1B16C7BDAC00BB4A9E /* Default.png */ = {isa = PBXFileReference; lastKnownFileType = image.png; path = Default.png; sourceTree = "<group>"; };
		6FFCDF1D16C7BDB900BB4A9E /* Default@2x.png */ = {isa = PBXFileReference; lastKnownFileType = image.png; path = "Default@2x.png"; sourceTree = "<group>"; };
		6FFCDF2316C7BEA000BB4A9E /* Default-568h@2x.png */ = {isa = PBXFileReference; lastKnownFileType = image.png; path = "Default-568h@2x.png"; sourceTree = "<group>"; };
		6FFCDF2516C7BFCC00BB4A9E /* Icon.png */ = {isa = PBXFileReference; lastKnownFileType = image.png; name = Icon.png; path = ../Icon.png; sourceTree = "<group>"; };
		6FFCDF2716C7BFD400BB4A9E /* Icon@2x.png */ = {isa = PBXFileReference; lastKnownFileType = image.png; name = "Icon@2x.png"; path = "../Icon@2x.png"; sourceTree = "<group>"; };
		6FFCDF4E16C7C34700BB4A9E /* assemble_off_pressed.png */ = {isa = PBXFileReference; lastKnownFileType = image.png; path = assemble_off_pressed.png; sourceTree = "<group>"; };
		6FFCDF4F16C7C34700BB4A9E /* assemble_off.png */ = {isa = PBXFileReference; lastKnownFileType = image.png; path = assemble_off.png; sourceTree = "<group>"; };
		6FFCDF5016C7C34700BB4A9E /* assemble_on_pressed.png */ = {isa = PBXFileReference; lastKnownFileType = image.png; path = assemble_on_pressed.png; sourceTree = "<group>"; };
		6FFCDF5116C7C34700BB4A9E /* assemble_on.png */ = {isa = PBXFileReference; lastKnownFileType = image.png; path = assemble_on.png; sourceTree = "<group>"; };
		6FFCDF5216C7C34700BB4A9E /* banner.png */ = {isa = PBXFileReference; lastKnownFileType = image.png; path = banner.png; sourceTree = "<group>"; };
		6FFCDF5316C7C34700BB4A9E /* engine_pressed.png */ = {isa = PBXFileReference; lastKnownFileType = image.png; path = engine_pressed.png; sourceTree = "<group>"; };
		6FFCDF5416C7C34700BB4A9E /* engine.png */ = {isa = PBXFileReference; lastKnownFileType = image.png; path = engine.png; sourceTree = "<group>"; };
		6FFCDF5516C7C34700BB4A9E /* location_pressed.png */ = {isa = PBXFileReference; lastKnownFileType = image.png; path = location_pressed.png; sourceTree = "<group>"; };
		6FFCDF5616C7C34700BB4A9E /* location.png */ = {isa = PBXFileReference; lastKnownFileType = image.png; path = location.png; sourceTree = "<group>"; };
		6FFCDF5716C7C34700BB4A9E /* save_pressed.png */ = {isa = PBXFileReference; lastKnownFileType = image.png; path = save_pressed.png; sourceTree = "<group>"; };
		6FFCDF5816C7C34700BB4A9E /* save.png */ = {isa = PBXFileReference; lastKnownFileType = image.png; path = save.png; sourceTree = "<group>"; };
		6FFCDF5916C7C34700BB4A9E /* sensor_pressed.png */ = {isa = PBXFileReference; lastKnownFileType = image.png; path = sensor_pressed.png; sourceTree = "<group>"; };
		6FFCDF5A16C7C34700BB4A9E /* sensor.png */ = {isa = PBXFileReference; lastKnownFileType = image.png; path = sensor.png; sourceTree = "<group>"; };
		6FFCDF5B16C7C34700BB4A9E /* siren_pressed.png */ = {isa = PBXFileReference; lastKnownFileType = image.png; path = siren_pressed.png; sourceTree = "<group>"; };
		6FFCDF5C16C7C34700BB4A9E /* siren.png */ = {isa = PBXFileReference; lastKnownFileType = image.png; path = siren.png; sourceTree = "<group>"; };
/* End PBXFileReference section */

/* Begin PBXFrameworksBuildPhase section */
		6F67C12816A32C5A00874715 /* Frameworks */ = {
			isa = PBXFrameworksBuildPhase;
			buildActionMask = 2147483647;
			files = (
				6F10344716D131F9004A7C35 /* MessageUI.framework in Frameworks */,
				6F67C13016A32C5B00874715 /* UIKit.framework in Frameworks */,
				6F67C13216A32C5B00874715 /* Foundation.framework in Frameworks */,
				6F67C13416A32C5B00874715 /* CoreGraphics.framework in Frameworks */,
			);
			runOnlyForDeploymentPostprocessing = 0;
		};
/* End PBXFrameworksBuildPhase section */

/* Begin PBXGroup section */
		6F0EA6CC16E3521700043C39 /* Wizzard */ = {
			isa = PBXGroup;
			children = (
				6F0EA6CE16E3522900043C39 /* BWCStep1ViewController.h */,
				6F0EA6CF16E3522900043C39 /* BWCStep1ViewController.m */,
				6F0EA6D116E3590D00043C39 /* BWCStep2ViewController.h */,
				6F0EA6D216E3590D00043C39 /* BWCStep2ViewController.m */,
				6F0EA6D416E35F3200043C39 /* BWCStep3ViewController.h */,
				6F0EA6D516E35F3200043C39 /* BWCStep3ViewController.m */,
			);
			name = Wizzard;
			sourceTree = "<group>";
		};
		6F2B11DB16B4017A00C07BE8 /* Resources */ = {
			isa = PBXGroup;
			children = (
				6F4EA74717045E150096D5E2 /* MainStoryboard_iPhone.storyboard */,
			);
			name = Resources;
			sourceTree = "<group>";
		};
		6F2B11DD16B4018A00C07BE8 /* Images */ = {
			isa = PBXGroup;
			children = (
				6FFCDF0E16C7BA3A00BB4A9E /* button_pressed@2x.png */,
				6FFCDF0F16C7BA3A00BB4A9E /* button@2x.png */,
				6FFCDF0A16C7B82500BB4A9E /* button_pressed.png */,
				6FFCDF0B16C7B82500BB4A9E /* button.png */,
				6FFCDEF816C7B5A000BB4A9E /* tab bar */,
				6FFCDED416C7AD3000BB4A9E /* home */,
			);
			name = Images;
			sourceTree = "<group>";
		};
		6F67C12016A32C5A00874715 = {
			isa = PBXGroup;
			children = (
				6F67C13516A32C5B00874715 /* BrettoWControl */,
				6F67C12E16A32C5A00874715 /* Frameworks */,
				6F67C12C16A32C5A00874715 /* Products */,
			);
			sourceTree = "<group>";
		};
		6F67C12C16A32C5A00874715 /* Products */ = {
			isa = PBXGroup;
			children = (
				6F67C12B16A32C5A00874715 /* W-Bretto.app */,
			);
			name = Products;
			sourceTree = "<group>";
		};
		6F67C12E16A32C5A00874715 /* Frameworks */ = {
			isa = PBXGroup;
			children = (
				6F10344616D131F9004A7C35 /* MessageUI.framework */,
				6F67C12F16A32C5A00874715 /* UIKit.framework */,
				6F67C13116A32C5B00874715 /* Foundation.framework */,
				6F67C13316A32C5B00874715 /* CoreGraphics.framework */,
			);
			name = Frameworks;
			sourceTree = "<group>";
		};
		6F67C13516A32C5B00874715 /* BrettoWControl */ = {
			isa = PBXGroup;
			children = (
				6F2B11DD16B4018A00C07BE8 /* Images */,
				6F2B11DB16B4017A00C07BE8 /* Resources */,
				6F67C16016A32CAD00874715 /* ViewControllers */,
				6F67C13E16A32C5B00874715 /* BWCAppDelegate.h */,
				6F67C13F16A32C5B00874715 /* BWCAppDelegate.m */,
				6F2B11DE16B401DC00C07BE8 /* BWCCommandBuilder.h */,
				6F2B11DF16B401DC00C07BE8 /* BWCCommandBuilder.m */,
				6F67C13616A32C5B00874715 /* Supporting Files */,
			);
			path = BrettoWControl;
			sourceTree = "<group>";
		};
		6F67C13616A32C5B00874715 /* Supporting Files */ = {
			isa = PBXGroup;
			children = (
				6F11C6D716F4FE0D00DE7ADD /* iTunesArtwork.png */,
				6F11C6D816F4FE0D00DE7ADD /* iTunesArtwork@2x.png */,
				6FFCDF2716C7BFD400BB4A9E /* Icon@2x.png */,
				6FFCDF2516C7BFCC00BB4A9E /* Icon.png */,
				6FFCDF2316C7BEA000BB4A9E /* Default-568h@2x.png */,
				6FFCDF1D16C7BDB900BB4A9E /* Default@2x.png */,
				6FFCDF1B16C7BDAC00BB4A9E /* Default.png */,
				6FD22A9B16B72759009AEFE4 /* Localizable.strings */,
				6F67C13716A32C5B00874715 /* BrettoWControl-Info.plist */,
				6F67C13B16A32C5B00874715 /* main.m */,
				6F67C13D16A32C5B00874715 /* BrettoWControl-Prefix.pch */,
			);
			name = "Supporting Files";
			sourceTree = "<group>";
		};
		6F67C16016A32CAD00874715 /* ViewControllers */ = {
			isa = PBXGroup;
			children = (
				6F0EA6CC16E3521700043C39 /* Wizzard */,
				6F67C16116A32CDE00874715 /* BWCHomeViewController.h */,
				6F67C16216A32CDE00874715 /* BWCHomeViewController.m */,
				6F67C16416A32CF200874715 /* BWCAlarmViewController.h */,
				6F67C16516A32CF200874715 /* BWCAlarmViewController.m */,
				6F67C16716A32CFF00874715 /* BWCSystemViewController.h */,
				6F67C16816A32CFF00874715 /* BWCSystemViewController.m */,
				6FF247D716BEC178004A9629 /* BWCSettingsViewController.h */,
				6FF247D816BEC178004A9629 /* BWCSettingsViewController.m */,
				6F10343F16D0E836004A7C35 /* BWCPasswordViewController.h */,
				6F10344016D0E836004A7C35 /* BWCPasswordViewController.m */,
				6F10344316D117F8004A7C35 /* BWCNumberViewController.h */,
				6F10344416D117F8004A7C35 /* BWCNumberViewController.m */,
				6F1830E116E2011600F3DF88 /* BWCCallViewController.h */,
				6F1830E216E2011600F3DF88 /* BWCCallViewController.m */,
				6F1830E516E2097A00F3DF88 /* BWCSetDevicesViewController.h */,
				6F1830E616E2097A00F3DF88 /* BWCSetDevicesViewController.m */,
				6F1830E816E215E000F3DF88 /* BWCSensibilityViewController.h */,
				6F1830E916E215E000F3DF88 /* BWCSensibilityViewController.m */,
			);
			name = ViewControllers;
			sourceTree = "<group>";
		};
		6FFCDED416C7AD3000BB4A9E /* home */ = {
			isa = PBXGroup;
			children = (
				6FFCDF2916C7C03600BB4A9E /* iphone */,
				6FFCDF0916C7B7B000BB4A9E /* iphone 5 */,
			);
			name = home;
			sourceTree = "<group>";
		};
		6FFCDEF816C7B5A000BB4A9E /* tab bar */ = {
			isa = PBXGroup;
			children = (
				6FFCDF0116C7B5C700BB4A9E /* alarm.png */,
				6FFCDF0216C7B5C700BB4A9E /* home.png */,
				6FFCDF0316C7B5C700BB4A9E /* settings.png */,
				6FFCDF0416C7B5C700BB4A9E /* system.png */,
				6FFCDEF916C7B5B900BB4A9E /* alarm@2x.png */,
				6FFCDEFA16C7B5B900BB4A9E /* home@2x.png */,
				6FFCDEFB16C7B5B900BB4A9E /* settings@2x.png */,
				6FFCDEFC16C7B5B900BB4A9E /* system@2x.png */,
			);
			name = "tab bar";
			sourceTree = "<group>";
		};
		6FFCDF0916C7B7B000BB4A9E /* iphone 5 */ = {
			isa = PBXGroup;
			children = (
				6FFCDEF616C7B47400BB4A9E /* save_pressed_iphone5.png */,
				6FFCDEE816C7AE6C00BB4A9E /* location_pressed_iphone5.png */,
				6FFCDEE916C7AE6C00BB4A9E /* location_iphone5.png */,
				6FFCDEEB16C7AE6C00BB4A9E /* save_iphone5.png */,
				6FFCDEEC16C7AE6C00BB4A9E /* sensor_pressed_iphone5.png */,
				6FFCDEED16C7AE6C00BB4A9E /* sensor_iphone5.png */,
				6FFCDED616C7AD6300BB4A9E /* assemble_off_pressed_iphone5.png */,
				6FFCDED716C7AD6300BB4A9E /* assemble_off_iphone5.png */,
				6FFCDED816C7AD6300BB4A9E /* assemble_on_pressed_iphone5.png */,
				6FFCDED916C7AD6300BB4A9E /* assemble_on_iphone5.png */,
				6FFCDEDA16C7AD6300BB4A9E /* banner_iphone5.png */,
				6FFCDEDB16C7AD6300BB4A9E /* engine_pressed_iphone5.png */,
				6FFCDEDC16C7AD6300BB4A9E /* engine_iphone5.png */,
				6FFCDEDD16C7AD6300BB4A9E /* siren_pressed_iphone5.png */,
				6FFCDEDE16C7AD6300BB4A9E /* siren_iphone5.png */,
			);
			name = "iphone 5";
			sourceTree = "<group>";
		};
		6FFCDF2916C7C03600BB4A9E /* iphone */ = {
			isa = PBXGroup;
			children = (
				6F715C7516EB58C600AAFE32 /* assemble_off_pressed@2x.png */,
				6F715C7616EB58C600AAFE32 /* assemble_off@2x.png */,
				6F715C7716EB58C600AAFE32 /* assemble_on_pressed@2x.png */,
				6F715C7816EB58C600AAFE32 /* assemble_on@2x.png */,
				6F715C7916EB58C600AAFE32 /* banner@2x.png */,
				6F715C7A16EB58C600AAFE32 /* engine_pressed@2x.png */,
				6F715C7B16EB58C600AAFE32 /* engine@2x.png */,
				6F715C7C16EB58C600AAFE32 /* location_pressed@2x.png */,
				6F715C7D16EB58C600AAFE32 /* location@2x.png */,
				6F715C7E16EB58C600AAFE32 /* save_pressed@2x.png */,
				6F715C7F16EB58C600AAFE32 /* save@2x.png */,
				6F715C8016EB58C600AAFE32 /* sensor_pressed@2x.png */,
				6F715C8116EB58C600AAFE32 /* sensor@2x.png */,
				6F715C8216EB58C600AAFE32 /* siren_pressed@2x.png */,
				6F715C8316EB58C600AAFE32 /* siren@2x.png */,
				6FFCDF4E16C7C34700BB4A9E /* assemble_off_pressed.png */,
				6FFCDF4F16C7C34700BB4A9E /* assemble_off.png */,
				6FFCDF5016C7C34700BB4A9E /* assemble_on_pressed.png */,
				6FFCDF5116C7C34700BB4A9E /* assemble_on.png */,
				6FFCDF5216C7C34700BB4A9E /* banner.png */,
				6FFCDF5316C7C34700BB4A9E /* engine_pressed.png */,
				6FFCDF5416C7C34700BB4A9E /* engine.png */,
				6FFCDF5516C7C34700BB4A9E /* location_pressed.png */,
				6FFCDF5616C7C34700BB4A9E /* location.png */,
				6FFCDF5716C7C34700BB4A9E /* save_pressed.png */,
				6FFCDF5816C7C34700BB4A9E /* save.png */,
				6FFCDF5916C7C34700BB4A9E /* sensor_pressed.png */,
				6FFCDF5A16C7C34700BB4A9E /* sensor.png */,
				6FFCDF5B16C7C34700BB4A9E /* siren_pressed.png */,
				6FFCDF5C16C7C34700BB4A9E /* siren.png */,
			);
			name = iphone;
			sourceTree = "<group>";
		};
/* End PBXGroup section */

/* Begin PBXNativeTarget section */
		6F67C12A16A32C5A00874715 /* W-Bretto */ = {
			isa = PBXNativeTarget;
			buildConfigurationList = 6F67C15D16A32C5B00874715 /* Build configuration list for PBXNativeTarget "W-Bretto" */;
			buildPhases = (
				6F67C12716A32C5A00874715 /* Sources */,
				6F67C12816A32C5A00874715 /* Frameworks */,
				6F67C12916A32C5A00874715 /* Resources */,
			);
			buildRules = (
			);
			dependencies = (
			);
			name = "W-Bretto";
			productName = BrettoWControl;
			productReference = 6F67C12B16A32C5A00874715 /* W-Bretto.app */;
			productType = "com.apple.product-type.application";
		};
/* End PBXNativeTarget section */

/* Begin PBXProject section */
		6F67C12216A32C5A00874715 /* Project object */ = {
			isa = PBXProject;
			attributes = {
				CLASSPREFIX = BWC;
				LastUpgradeCheck = 0450;
				ORGANIZATIONNAME = MobiOak;
			};
			buildConfigurationList = 6F67C12516A32C5A00874715 /* Build configuration list for PBXProject "BrettoWControl" */;
			compatibilityVersion = "Xcode 3.2";
			developmentRegion = English;
			hasScannedForEncodings = 0;
			knownRegions = (
				en,
				Base,
			);
			mainGroup = 6F67C12016A32C5A00874715;
			productRefGroup = 6F67C12C16A32C5A00874715 /* Products */;
			projectDirPath = "";
			projectRoot = "";
			targets = (
				6F67C12A16A32C5A00874715 /* W-Bretto */,
			);
		};
/* End PBXProject section */

/* Begin PBXResourcesBuildPhase section */
		6F67C12916A32C5A00874715 /* Resources */ = {
			isa = PBXResourcesBuildPhase;
			buildActionMask = 2147483647;
			files = (
				6F4EA74917045E150096D5E2 /* MainStoryboard_iPhone.storyboard in Resources */,
				6FD22A9D16B72759009AEFE4 /* Localizable.strings in Resources */,
				6FFCDEDF16C7AD6300BB4A9E /* assemble_off_pressed_iphone5.png in Resources */,
				6FFCDEE016C7AD6300BB4A9E /* assemble_off_iphone5.png in Resources */,
				6FFCDEE116C7AD6300BB4A9E /* assemble_on_pressed_iphone5.png in Resources */,
				6FFCDEE216C7AD6300BB4A9E /* assemble_on_iphone5.png in Resources */,
				6FFCDEE316C7AD6300BB4A9E /* banner_iphone5.png in Resources */,
				6FFCDEE416C7AD6300BB4A9E /* engine_pressed_iphone5.png in Resources */,
				6FFCDEE516C7AD6300BB4A9E /* engine_iphone5.png in Resources */,
				6FFCDEE616C7AD6300BB4A9E /* siren_pressed_iphone5.png in Resources */,
				6FFCDEE716C7AD6300BB4A9E /* siren_iphone5.png in Resources */,
				6FFCDEEE16C7AE6C00BB4A9E /* location_pressed_iphone5.png in Resources */,
				6FFCDEEF16C7AE6C00BB4A9E /* location_iphone5.png in Resources */,
				6FFCDEF116C7AE6C00BB4A9E /* save_iphone5.png in Resources */,
				6FFCDEF216C7AE6C00BB4A9E /* sensor_pressed_iphone5.png in Resources */,
				6FFCDEF316C7AE6C00BB4A9E /* sensor_iphone5.png in Resources */,
				6FFCDEF716C7B47400BB4A9E /* save_pressed_iphone5.png in Resources */,
				6FFCDEFD16C7B5B900BB4A9E /* alarm@2x.png in Resources */,
				6FFCDEFE16C7B5B900BB4A9E /* home@2x.png in Resources */,
				6FFCDEFF16C7B5B900BB4A9E /* settings@2x.png in Resources */,
				6FFCDF0016C7B5B900BB4A9E /* system@2x.png in Resources */,
				6FFCDF0516C7B5C700BB4A9E /* alarm.png in Resources */,
				6FFCDF0616C7B5C700BB4A9E /* home.png in Resources */,
				6FFCDF0716C7B5C700BB4A9E /* settings.png in Resources */,
				6FFCDF0816C7B5C700BB4A9E /* system.png in Resources */,
				6FFCDF0C16C7B82500BB4A9E /* button_pressed.png in Resources */,
				6FFCDF0D16C7B82500BB4A9E /* button.png in Resources */,
				6FFCDF1016C7BA3B00BB4A9E /* button_pressed@2x.png in Resources */,
				6FFCDF1116C7BA3B00BB4A9E /* button@2x.png in Resources */,
				6FFCDF1C16C7BDAC00BB4A9E /* Default.png in Resources */,
				6FFCDF1E16C7BDB900BB4A9E /* Default@2x.png in Resources */,
				6FFCDF2416C7BEA000BB4A9E /* Default-568h@2x.png in Resources */,
				6FFCDF2616C7BFCC00BB4A9E /* Icon.png in Resources */,
				6FFCDF2816C7BFD400BB4A9E /* Icon@2x.png in Resources */,
				6FFCDF5D16C7C34700BB4A9E /* assemble_off_pressed.png in Resources */,
				6FFCDF5E16C7C34700BB4A9E /* assemble_off.png in Resources */,
				6FFCDF5F16C7C34700BB4A9E /* assemble_on_pressed.png in Resources */,
				6FFCDF6016C7C34700BB4A9E /* assemble_on.png in Resources */,
				6FFCDF6116C7C34700BB4A9E /* banner.png in Resources */,
				6FFCDF6216C7C34700BB4A9E /* engine_pressed.png in Resources */,
				6FFCDF6316C7C34700BB4A9E /* engine.png in Resources */,
				6FFCDF6416C7C34700BB4A9E /* location_pressed.png in Resources */,
				6FFCDF6516C7C34700BB4A9E /* location.png in Resources */,
				6FFCDF6616C7C34700BB4A9E /* save_pressed.png in Resources */,
				6FFCDF6716C7C34700BB4A9E /* save.png in Resources */,
				6FFCDF6816C7C34700BB4A9E /* sensor_pressed.png in Resources */,
				6FFCDF6916C7C34700BB4A9E /* sensor.png in Resources */,
				6FFCDF6A16C7C34700BB4A9E /* siren_pressed.png in Resources */,
				6FFCDF6B16C7C34700BB4A9E /* siren.png in Resources */,
				6F715C8416EB58C600AAFE32 /* assemble_off_pressed@2x.png in Resources */,
				6F715C8516EB58C600AAFE32 /* assemble_off@2x.png in Resources */,
				6F715C8616EB58C600AAFE32 /* assemble_on_pressed@2x.png in Resources */,
				6F715C8716EB58C600AAFE32 /* assemble_on@2x.png in Resources */,
				6F715C8816EB58C600AAFE32 /* banner@2x.png in Resources */,
				6F715C8916EB58C600AAFE32 /* engine_pressed@2x.png in Resources */,
				6F715C8A16EB58C600AAFE32 /* engine@2x.png in Resources */,
				6F715C8B16EB58C600AAFE32 /* location_pressed@2x.png in Resources */,
				6F715C8C16EB58C600AAFE32 /* location@2x.png in Resources */,
				6F715C8D16EB58C600AAFE32 /* save_pressed@2x.png in Resources */,
				6F715C8E16EB58C600AAFE32 /* save@2x.png in Resources */,
				6F715C8F16EB58C600AAFE32 /* sensor_pressed@2x.png in Resources */,
				6F715C9016EB58C600AAFE32 /* sensor@2x.png in Resources */,
				6F715C9116EB58C600AAFE32 /* siren_pressed@2x.png in Resources */,
				6F715C9216EB58C600AAFE32 /* siren@2x.png in Resources */,
				6F11C6D916F4FE0D00DE7ADD /* iTunesArtwork.png in Resources */,
				6F11C6DA16F4FE0D00DE7ADD /* iTunesArtwork@2x.png in Resources */,
			);
			runOnlyForDeploymentPostprocessing = 0;
		};
/* End PBXResourcesBuildPhase section */

/* Begin PBXSourcesBuildPhase section */
		6F67C12716A32C5A00874715 /* Sources */ = {
			isa = PBXSourcesBuildPhase;
			buildActionMask = 2147483647;
			files = (
				6F67C13C16A32C5B00874715 /* main.m in Sources */,
				6F67C14016A32C5B00874715 /* BWCAppDelegate.m in Sources */,
				6F67C16316A32CDE00874715 /* BWCHomeViewController.m in Sources */,
				6F67C16616A32CF200874715 /* BWCAlarmViewController.m in Sources */,
				6F67C16916A32CFF00874715 /* BWCSystemViewController.m in Sources */,
				6F2B11E016B401DC00C07BE8 /* BWCCommandBuilder.m in Sources */,
				6FF247D916BEC178004A9629 /* BWCSettingsViewController.m in Sources */,
				6F10344116D0E836004A7C35 /* BWCPasswordViewController.m in Sources */,
				6F10344516D117F8004A7C35 /* BWCNumberViewController.m in Sources */,
				6F1830E316E2011600F3DF88 /* BWCCallViewController.m in Sources */,
				6F1830E716E2097A00F3DF88 /* BWCSetDevicesViewController.m in Sources */,
				6F1830EA16E215E000F3DF88 /* BWCSensibilityViewController.m in Sources */,
				6F0EA6D016E3522900043C39 /* BWCStep1ViewController.m in Sources */,
				6F0EA6D316E3590D00043C39 /* BWCStep2ViewController.m in Sources */,
				6F0EA6D616E35F3200043C39 /* BWCStep3ViewController.m in Sources */,
			);
			runOnlyForDeploymentPostprocessing = 0;
		};
/* End PBXSourcesBuildPhase section */

/* Begin PBXVariantGroup section */
		6F4EA74717045E150096D5E2 /* MainStoryboard_iPhone.storyboard */ = {
			isa = PBXVariantGroup;
			children = (
				6F4EA74817045E150096D5E2 /* en */,
			);
			name = MainStoryboard_iPhone.storyboard;
			sourceTree = "<group>";
		};
		6FD22A9B16B72759009AEFE4 /* Localizable.strings */ = {
			isa = PBXVariantGroup;
			children = (
				6FD22A9C16B72759009AEFE4 /* en */,
			);
			name = Localizable.strings;
			sourceTree = "<group>";
		};
/* End PBXVariantGroup section */

/* Begin XCBuildConfiguration section */
		6F67C15B16A32C5B00874715 /* Debug */ = {
			isa = XCBuildConfiguration;
			buildSettings = {
				ALWAYS_SEARCH_USER_PATHS = NO;
				CLANG_CXX_LANGUAGE_STANDARD = "gnu++0x";
				CLANG_CXX_LIBRARY = "libc++";
				CLANG_ENABLE_OBJC_ARC = YES;
				CLANG_WARN_EMPTY_BODY = YES;
				CLANG_WARN__DUPLICATE_METHOD_MATCH = YES;
				"CODE_SIGN_IDENTITY[sdk=iphoneos*]" = "iPhone Developer";
				COPY_PHASE_STRIP = NO;
				GCC_C_LANGUAGE_STANDARD = gnu99;
				GCC_DYNAMIC_NO_PIC = NO;
				GCC_OPTIMIZATION_LEVEL = 0;
				GCC_PREPROCESSOR_DEFINITIONS = (
					"DEBUG=1",
					"$(inherited)",
				);
				GCC_SYMBOLS_PRIVATE_EXTERN = NO;
				GCC_WARN_ABOUT_RETURN_TYPE = YES;
				GCC_WARN_UNINITIALIZED_AUTOS = YES;
				GCC_WARN_UNUSED_VARIABLE = YES;
				IPHONEOS_DEPLOYMENT_TARGET = 5.1;
				ONLY_ACTIVE_ARCH = YES;
				SDKROOT = iphoneos;
				TARGETED_DEVICE_FAMILY = "1,2";
			};
			name = Debug;
		};
		6F67C15C16A32C5B00874715 /* Release */ = {
			isa = XCBuildConfiguration;
			buildSettings = {
				ALWAYS_SEARCH_USER_PATHS = NO;
				CLANG_CXX_LANGUAGE_STANDARD = "gnu++0x";
				CLANG_CXX_LIBRARY = "libc++";
				CLANG_ENABLE_OBJC_ARC = YES;
				CLANG_WARN_EMPTY_BODY = YES;
				CLANG_WARN__DUPLICATE_METHOD_MATCH = YES;
				"CODE_SIGN_IDENTITY[sdk=iphoneos*]" = "iPhone Developer";
				COPY_PHASE_STRIP = YES;
				GCC_C_LANGUAGE_STANDARD = gnu99;
				GCC_WARN_ABOUT_RETURN_TYPE = YES;
				GCC_WARN_UNINITIALIZED_AUTOS = YES;
				GCC_WARN_UNUSED_VARIABLE = YES;
				IPHONEOS_DEPLOYMENT_TARGET = 5.1;
				OTHER_CFLAGS = "-DNS_BLOCK_ASSERTIONS=1";
				SDKROOT = iphoneos;
				TARGETED_DEVICE_FAMILY = "1,2";
				VALIDATE_PRODUCT = YES;
			};
			name = Release;
		};
		6F67C15E16A32C5B00874715 /* Debug */ = {
			isa = XCBuildConfiguration;
			buildSettings = {
				CODE_SIGN_IDENTITY = "iPhone Developer: Jaime Aranaz (JHP429439D)";
				"CODE_SIGN_IDENTITY[sdk=iphoneos*]" = "iPhone Developer: Jaime Aranaz (JHP429439D)";
				GCC_PRECOMPILE_PREFIX_HEADER = YES;
				GCC_PREFIX_HEADER = "BrettoWControl/BrettoWControl-Prefix.pch";
				INFOPLIST_FILE = "BrettoWControl/BrettoWControl-Info.plist";
				IPHONEOS_DEPLOYMENT_TARGET = 5.1;
				PRODUCT_NAME = "$(TARGET_NAME)";
				PROVISIONING_PROFILE = "";
				"PROVISIONING_PROFILE[sdk=iphoneos*]" = "";
				TARGETED_DEVICE_FAMILY = 1;
				WRAPPER_EXTENSION = app;
			};
			name = Debug;
		};
		6F67C15F16A32C5B00874715 /* Release */ = {
			isa = XCBuildConfiguration;
			buildSettings = {
				CODE_SIGN_IDENTITY = "iPhone Distribution: Jaime Aranaz";
				"CODE_SIGN_IDENTITY[sdk=iphoneos*]" = "iPhone Distribution: Jaime Aranaz";
				GCC_PRECOMPILE_PREFIX_HEADER = YES;
				GCC_PREFIX_HEADER = "BrettoWControl/BrettoWControl-Prefix.pch";
				INFOPLIST_FILE = "BrettoWControl/BrettoWControl-Info.plist";
				IPHONEOS_DEPLOYMENT_TARGET = 5.1;
				PRODUCT_NAME = "$(TARGET_NAME)";
				PROVISIONING_PROFILE = "F28E79B9-3423-4EC5-AE15-469B7C66FFD3";
				"PROVISIONING_PROFILE[sdk=iphoneos*]" = "F28E79B9-3423-4EC5-AE15-469B7C66FFD3";
				TARGETED_DEVICE_FAMILY = 1;
				WRAPPER_EXTENSION = app;
			};
			name = Release;
		};
/* End XCBuildConfiguration section */

/* Begin XCConfigurationList section */
		6F67C12516A32C5A00874715 /* Build configuration list for PBXProject "BrettoWControl" */ = {
			isa = XCConfigurationList;
			buildConfigurations = (
				6F67C15B16A32C5B00874715 /* Debug */,
				6F67C15C16A32C5B00874715 /* Release */,
			);
			defaultConfigurationIsVisible = 0;
			defaultConfigurationName = Release;
		};
		6F67C15D16A32C5B00874715 /* Build configuration list for PBXNativeTarget "W-Bretto" */ = {
			isa = XCConfigurationList;
			buildConfigurations = (
				6F67C15E16A32C5B00874715 /* Debug */,
				6F67C15F16A32C5B00874715 /* Release */,
			);
			defaultConfigurationIsVisible = 0;
			defaultConfigurationName = Release;
		};
/* End XCConfigurationList section */
	};
	rootObject = 6F67C12216A32C5A00874715 /* Project object */;
}
