// !$*UTF8*$!
{
	archiveVersion = 1;
	classes = {
	};
	objectVersion = 46;
	objects = {

/* Begin PBXBuildFile section */
		6F0EA6D016E3522900043C39 /* BXCStep1ViewController.m in Sources */ = {isa = PBXBuildFile; fileRef = 6F0EA6CF16E3522900043C39 /* BXCStep1ViewController.m */; };
		6F0EA6D316E3590D00043C39 /* BXCStep2ViewController.m in Sources */ = {isa = PBXBuildFile; fileRef = 6F0EA6D216E3590D00043C39 /* BXCStep2ViewController.m */; };
		6F0EA6D616E35F3200043C39 /* BXCStep3ViewController.m in Sources */ = {isa = PBXBuildFile; fileRef = 6F0EA6D516E35F3200043C39 /* BXCStep3ViewController.m */; };
		6F10344116D0E836004A7C35 /* BXCPasswordViewController.m in Sources */ = {isa = PBXBuildFile; fileRef = 6F10344016D0E836004A7C35 /* BXCPasswordViewController.m */; };
		6F10344516D117F8004A7C35 /* BXCNumberViewController.m in Sources */ = {isa = PBXBuildFile; fileRef = 6F10344416D117F8004A7C35 /* BXCNumberViewController.m */; };
		6F10344716D131F9004A7C35 /* MessageUI.framework in Frameworks */ = {isa = PBXBuildFile; fileRef = 6F10344616D131F9004A7C35 /* MessageUI.framework */; };
		6F11C6D916F4FE0D00DE7ADD /* iTunesArtwork.png in Resources */ = {isa = PBXBuildFile; fileRef = 6F11C6D716F4FE0D00DE7ADD /* iTunesArtwork.png */; };
		6F11C6DA16F4FE0D00DE7ADD /* iTunesArtwork@2x.png in Resources */ = {isa = PBXBuildFile; fileRef = 6F11C6D816F4FE0D00DE7ADD /* iTunesArtwork@2x.png */; };
		6F1830E316E2011600F3DF88 /* BXCCallViewController.m in Sources */ = {isa = PBXBuildFile; fileRef = 6F1830E216E2011600F3DF88 /* BXCCallViewController.m */; };
		6F1830E716E2097A00F3DF88 /* BXCSetDevicesViewController.m in Sources */ = {isa = PBXBuildFile; fileRef = 6F1830E616E2097A00F3DF88 /* BXCSetDevicesViewController.m */; };
		6F1830EA16E215E000F3DF88 /* BXCTimeAndSpeedViewController.m in Sources */ = {isa = PBXBuildFile; fileRef = 6F1830E916E215E000F3DF88 /* BXCTimeAndSpeedViewController.m */; };
		6F2B11E016B401DC00C07BE8 /* BXCCommandBuilder.m in Sources */ = {isa = PBXBuildFile; fileRef = 6F2B11DF16B401DC00C07BE8 /* BXCCommandBuilder.m */; };
		6F4EA74917045E150096D5E2 /* MainStoryboard_iPhone.storyboard in Resources */ = {isa = PBXBuildFile; fileRef = 6F4EA74717045E150096D5E2 /* MainStoryboard_iPhone.storyboard */; };
		6F54F13418F9AE4000EE624D /* assemble_off_pressed.png in Resources */ = {isa = PBXBuildFile; fileRef = 6F54F12318F9AE4000EE624D /* assemble_off_pressed.png */; };
		6F54F13518F9AE4000EE624D /* assemble_off.png in Resources */ = {isa = PBXBuildFile; fileRef = 6F54F12418F9AE4000EE624D /* assemble_off.png */; };
		6F54F13618F9AE4000EE624D /* assemble_on__pressed.png in Resources */ = {isa = PBXBuildFile; fileRef = 6F54F12518F9AE4000EE624D /* assemble_on__pressed.png */; };
		6F54F13718F9AE4000EE624D /* assemble_on.png in Resources */ = {isa = PBXBuildFile; fileRef = 6F54F12618F9AE4000EE624D /* assemble_on.png */; };
		6F54F13818F9AE4000EE624D /* banner~iphone.png in Resources */ = {isa = PBXBuildFile; fileRef = 6F54F12718F9AE4000EE624D /* banner~iphone.png */; };
		6F54F13B18F9AE4000EE624D /* climate_pressed.png in Resources */ = {isa = PBXBuildFile; fileRef = 6F54F12A18F9AE4000EE624D /* climate_pressed.png */; };
		6F54F13C18F9AE4000EE624D /* climate.png in Resources */ = {isa = PBXBuildFile; fileRef = 6F54F12B18F9AE4000EE624D /* climate.png */; };
		6F54F13D18F9AE4000EE624D /* engine_pressed.png in Resources */ = {isa = PBXBuildFile; fileRef = 6F54F12C18F9AE4000EE624D /* engine_pressed.png */; };
		6F54F13E18F9AE4000EE624D /* engine.png in Resources */ = {isa = PBXBuildFile; fileRef = 6F54F12D18F9AE4000EE624D /* engine.png */; };
		6F54F13F18F9AE4000EE624D /* ignition_pressed.png in Resources */ = {isa = PBXBuildFile; fileRef = 6F54F12E18F9AE4000EE624D /* ignition_pressed.png */; };
		6F54F14018F9AE4000EE624D /* ignition.png in Resources */ = {isa = PBXBuildFile; fileRef = 6F54F12F18F9AE4000EE624D /* ignition.png */; };
		6F54F14118F9AE4000EE624D /* location_pressed.png in Resources */ = {isa = PBXBuildFile; fileRef = 6F54F13018F9AE4000EE624D /* location_pressed.png */; };
		6F54F14218F9AE4000EE624D /* location.png in Resources */ = {isa = PBXBuildFile; fileRef = 6F54F13118F9AE4000EE624D /* location.png */; };
		6F54F14318F9AE4000EE624D /* sensor_pressed.png in Resources */ = {isa = PBXBuildFile; fileRef = 6F54F13218F9AE4000EE624D /* sensor_pressed.png */; };
		6F54F14418F9AE4000EE624D /* sensor.png in Resources */ = {isa = PBXBuildFile; fileRef = 6F54F13318F9AE4000EE624D /* sensor.png */; };
		6F54F15418F9AE5F00EE624D /* assemble_off_pressed@2x.png in Resources */ = {isa = PBXBuildFile; fileRef = 6F54F14518F9AE5F00EE624D /* assemble_off_pressed@2x.png */; };
		6F54F15518F9AE5F00EE624D /* assemble_off@2x.png in Resources */ = {isa = PBXBuildFile; fileRef = 6F54F14618F9AE5F00EE624D /* assemble_off@2x.png */; };
		6F54F15618F9AE5F00EE624D /* assemble_on_pressed@2x.png in Resources */ = {isa = PBXBuildFile; fileRef = 6F54F14718F9AE5F00EE624D /* assemble_on_pressed@2x.png */; };
		6F54F15718F9AE5F00EE624D /* assemble_on@2x.png in Resources */ = {isa = PBXBuildFile; fileRef = 6F54F14818F9AE5F00EE624D /* assemble_on@2x.png */; };
		6F54F15818F9AE5F00EE624D /* banner@2x.png in Resources */ = {isa = PBXBuildFile; fileRef = 6F54F14918F9AE5F00EE624D /* banner@2x.png */; };
		6F54F15918F9AE5F00EE624D /* climate_pressed@2x.png in Resources */ = {isa = PBXBuildFile; fileRef = 6F54F14A18F9AE5F00EE624D /* climate_pressed@2x.png */; };
		6F54F15A18F9AE5F00EE624D /* climate@2x.png in Resources */ = {isa = PBXBuildFile; fileRef = 6F54F14B18F9AE5F00EE624D /* climate@2x.png */; };
		6F54F15B18F9AE5F00EE624D /* engine_pressed@2x.png in Resources */ = {isa = PBXBuildFile; fileRef = 6F54F14C18F9AE5F00EE624D /* engine_pressed@2x.png */; };
		6F54F15C18F9AE5F00EE624D /* engine@2x.png in Resources */ = {isa = PBXBuildFile; fileRef = 6F54F14D18F9AE5F00EE624D /* engine@2x.png */; };
		6F54F15D18F9AE5F00EE624D /* ignition_pressed@2x.png in Resources */ = {isa = PBXBuildFile; fileRef = 6F54F14E18F9AE5F00EE624D /* ignition_pressed@2x.png */; };
		6F54F15E18F9AE5F00EE624D /* ignition@2x.png in Resources */ = {isa = PBXBuildFile; fileRef = 6F54F14F18F9AE5F00EE624D /* ignition@2x.png */; };
		6F54F15F18F9AE5F00EE624D /* location_pressed@2x.png in Resources */ = {isa = PBXBuildFile; fileRef = 6F54F15018F9AE5F00EE624D /* location_pressed@2x.png */; };
		6F54F16018F9AE5F00EE624D /* location@2x.png in Resources */ = {isa = PBXBuildFile; fileRef = 6F54F15118F9AE5F00EE624D /* location@2x.png */; };
		6F54F16118F9AE5F00EE624D /* sensor_pressed@2x.png in Resources */ = {isa = PBXBuildFile; fileRef = 6F54F15218F9AE5F00EE624D /* sensor_pressed@2x.png */; };
		6F54F16218F9AE5F00EE624D /* sensor@2x.png in Resources */ = {isa = PBXBuildFile; fileRef = 6F54F15318F9AE5F00EE624D /* sensor@2x.png */; };
		6F54F19018F9B53900EE624D /* assemble_off_iphone5.png in Resources */ = {isa = PBXBuildFile; fileRef = 6F54F18118F9B53900EE624D /* assemble_off_iphone5.png */; };
		6F54F19118F9B53900EE624D /* assemble_off_pressed_iphone5.png in Resources */ = {isa = PBXBuildFile; fileRef = 6F54F18218F9B53900EE624D /* assemble_off_pressed_iphone5.png */; };
		6F54F19218F9B53900EE624D /* assemble_on_iphone5.png in Resources */ = {isa = PBXBuildFile; fileRef = 6F54F18318F9B53900EE624D /* assemble_on_iphone5.png */; };
		6F54F19318F9B53900EE624D /* assemble_on_pressed_iphone5.png in Resources */ = {isa = PBXBuildFile; fileRef = 6F54F18418F9B53900EE624D /* assemble_on_pressed_iphone5.png */; };
		6F54F19418F9B53900EE624D /* banner_iphone5.png in Resources */ = {isa = PBXBuildFile; fileRef = 6F54F18518F9B53900EE624D /* banner_iphone5.png */; };
		6F54F19518F9B53900EE624D /* climate_iphone5.png in Resources */ = {isa = PBXBuildFile; fileRef = 6F54F18618F9B53900EE624D /* climate_iphone5.png */; };
		6F54F19618F9B53900EE624D /* climate_pressed_iphone5.png in Resources */ = {isa = PBXBuildFile; fileRef = 6F54F18718F9B53900EE624D /* climate_pressed_iphone5.png */; };
		6F54F19718F9B53900EE624D /* engine_iphone5.png in Resources */ = {isa = PBXBuildFile; fileRef = 6F54F18818F9B53900EE624D /* engine_iphone5.png */; };
		6F54F19818F9B53900EE624D /* engine_pressed_iphone5.png in Resources */ = {isa = PBXBuildFile; fileRef = 6F54F18918F9B53900EE624D /* engine_pressed_iphone5.png */; };
		6F54F19918F9B53900EE624D /* ignition_iphone5.png in Resources */ = {isa = PBXBuildFile; fileRef = 6F54F18A18F9B53900EE624D /* ignition_iphone5.png */; };
		6F54F19A18F9B53900EE624D /* ignition_pressed_iphone5.png in Resources */ = {isa = PBXBuildFile; fileRef = 6F54F18B18F9B53900EE624D /* ignition_pressed_iphone5.png */; };
		6F54F19B18F9B53900EE624D /* location_iphone5.png in Resources */ = {isa = PBXBuildFile; fileRef = 6F54F18C18F9B53900EE624D /* location_iphone5.png */; };
		6F54F19C18F9B53900EE624D /* location_pressed_iphone5.png in Resources */ = {isa = PBXBuildFile; fileRef = 6F54F18D18F9B53900EE624D /* location_pressed_iphone5.png */; };
		6F54F19D18F9B53900EE624D /* sensor_iphone5.png in Resources */ = {isa = PBXBuildFile; fileRef = 6F54F18E18F9B53900EE624D /* sensor_iphone5.png */; };
		6F54F19E18F9B53900EE624D /* sensor_pressed_iphone5.png in Resources */ = {isa = PBXBuildFile; fileRef = 6F54F18F18F9B53900EE624D /* sensor_pressed_iphone5.png */; };
		6F67C13016A32C5B00874715 /* UIKit.framework in Frameworks */ = {isa = PBXBuildFile; fileRef = 6F67C12F16A32C5A00874715 /* UIKit.framework */; };
		6F67C13216A32C5B00874715 /* Foundation.framework in Frameworks */ = {isa = PBXBuildFile; fileRef = 6F67C13116A32C5B00874715 /* Foundation.framework */; };
		6F67C13416A32C5B00874715 /* CoreGraphics.framework in Frameworks */ = {isa = PBXBuildFile; fileRef = 6F67C13316A32C5B00874715 /* CoreGraphics.framework */; };
		6F67C13C16A32C5B00874715 /* main.m in Sources */ = {isa = PBXBuildFile; fileRef = 6F67C13B16A32C5B00874715 /* main.m */; };
		6F67C14016A32C5B00874715 /* BXCAppDelegate.m in Sources */ = {isa = PBXBuildFile; fileRef = 6F67C13F16A32C5B00874715 /* BXCAppDelegate.m */; };
		6F67C16316A32CDE00874715 /* BXCHomeViewController.m in Sources */ = {isa = PBXBuildFile; fileRef = 6F67C16216A32CDE00874715 /* BXCHomeViewController.m */; };
		6F67C16616A32CF200874715 /* BXCAlarmViewController.m in Sources */ = {isa = PBXBuildFile; fileRef = 6F67C16516A32CF200874715 /* BXCAlarmViewController.m */; };
		6F67C16916A32CFF00874715 /* BXCSystemViewController.m in Sources */ = {isa = PBXBuildFile; fileRef = 6F67C16816A32CFF00874715 /* BXCSystemViewController.m */; };
		6FD22A9D16B72759009AEFE4 /* Localizable.strings in Resources */ = {isa = PBXBuildFile; fileRef = 6FD22A9B16B72759009AEFE4 /* Localizable.strings */; };
		6FF247D916BEC178004A9629 /* BXCSettingsViewController.m in Sources */ = {isa = PBXBuildFile; fileRef = 6FF247D816BEC178004A9629 /* BXCSettingsViewController.m */; };
		6FFCDEFD16C7B5B900BB4A9E /* alarm@2x.png in Resources */ = {isa = PBXBuildFile; fileRef = 6FFCDEF916C7B5B900BB4A9E /* alarm@2x.png */; };
		6FFCDEFE16C7B5B900BB4A9E /* home@2x.png in Resources */ = {isa = PBXBuildFile; fileRef = 6FFCDEFA16C7B5B900BB4A9E /* home@2x.png */; };
		6FFCDEFF16C7B5B900BB4A9E /* settings@2x.png in Resources */ = {isa = PBXBuildFile; fileRef = 6FFCDEFB16C7B5B900BB4A9E /* settings@2x.png */; };
		6FFCDF0016C7B5B900BB4A9E /* system@2x.png in Resources */ = {isa = PBXBuildFile; fileRef = 6FFCDEFC16C7B5B900BB4A9E /* system@2x.png */; };
		6FFCDF0516C7B5C700BB4A9E /* alarm.png in Resources */ = {isa = PBXBuildFile; fileRef = 6FFCDF0116C7B5C700BB4A9E /* alarm.png */; };
		6FFCDF0616C7B5C700BB4A9E /* home.png in Resources */ = {isa = PBXBuildFile; fileRef = 6FFCDF0216C7B5C700BB4A9E /* home.png */; };
		6FFCDF0716C7B5C700BB4A9E /* settings.png in Resources */ = {isa = PBXBuildFile; fileRef = 6FFCDF0316C7B5C700BB4A9E /* settings.png */; };
		6FFCDF0816C7B5C700BB4A9E /* system.png in Resources */ = {isa = PBXBuildFile; fileRef = 6FFCDF0416C7B5C700BB4A9E /* system.png */; };
		6FFCDF0C16C7B82500BB4A9E /* button_pressed.png in Resources */ = {isa = PBXBuildFile; fileRef = 6FFCDF0A16C7B82500BB4A9E /* button_pressed.png */; };
		6FFCDF0D16C7B82500BB4A9E /* button.png in Resources */ = {isa = PBXBuildFile; fileRef = 6FFCDF0B16C7B82500BB4A9E /* button.png */; };
		6FFCDF1016C7BA3B00BB4A9E /* button_pressed@2x.png in Resources */ = {isa = PBXBuildFile; fileRef = 6FFCDF0E16C7BA3A00BB4A9E /* button_pressed@2x.png */; };
		6FFCDF1116C7BA3B00BB4A9E /* button@2x.png in Resources */ = {isa = PBXBuildFile; fileRef = 6FFCDF0F16C7BA3A00BB4A9E /* button@2x.png */; };
		6FFCDF1C16C7BDAC00BB4A9E /* Default.png in Resources */ = {isa = PBXBuildFile; fileRef = 6FFCDF1B16C7BDAC00BB4A9E /* Default.png */; };
		6FFCDF1E16C7BDB900BB4A9E /* Default@2x.png in Resources */ = {isa = PBXBuildFile; fileRef = 6FFCDF1D16C7BDB900BB4A9E /* Default@2x.png */; };
		6FFCDF2416C7BEA000BB4A9E /* Default-568h@2x.png in Resources */ = {isa = PBXBuildFile; fileRef = 6FFCDF2316C7BEA000BB4A9E /* Default-568h@2x.png */; };
		6FFCDF2616C7BFCC00BB4A9E /* Icon.png in Resources */ = {isa = PBXBuildFile; fileRef = 6FFCDF2516C7BFCC00BB4A9E /* Icon.png */; };
		6FFCDF2816C7BFD400BB4A9E /* Icon@2x.png in Resources */ = {isa = PBXBuildFile; fileRef = 6FFCDF2716C7BFD400BB4A9E /* Icon@2x.png */; };
/* End PBXBuildFile section */

/* Begin PBXFileReference section */
		6F0EA6CE16E3522900043C39 /* BXCStep1ViewController.h */ = {isa = PBXFileReference; fileEncoding = 4; lastKnownFileType = sourcecode.c.h; path = BXCStep1ViewController.h; sourceTree = "<group>"; };
		6F0EA6CF16E3522900043C39 /* BXCStep1ViewController.m */ = {isa = PBXFileReference; fileEncoding = 4; lastKnownFileType = sourcecode.c.objc; lineEnding = 0; path = BXCStep1ViewController.m; sourceTree = "<group>"; xcLanguageSpecificationIdentifier = xcode.lang.objc; };
		6F0EA6D116E3590D00043C39 /* BXCStep2ViewController.h */ = {isa = PBXFileReference; fileEncoding = 4; lastKnownFileType = sourcecode.c.h; path = BXCStep2ViewController.h; sourceTree = "<group>"; };
		6F0EA6D216E3590D00043C39 /* BXCStep2ViewController.m */ = {isa = PBXFileReference; fileEncoding = 4; lastKnownFileType = sourcecode.c.objc; lineEnding = 0; path = BXCStep2ViewController.m; sourceTree = "<group>"; xcLanguageSpecificationIdentifier = xcode.lang.objc; };
		6F0EA6D416E35F3200043C39 /* BXCStep3ViewController.h */ = {isa = PBXFileReference; fileEncoding = 4; lastKnownFileType = sourcecode.c.h; path = BXCStep3ViewController.h; sourceTree = "<group>"; };
		6F0EA6D516E35F3200043C39 /* BXCStep3ViewController.m */ = {isa = PBXFileReference; fileEncoding = 4; lastKnownFileType = sourcecode.c.objc; lineEnding = 0; path = BXCStep3ViewController.m; sourceTree = "<group>"; xcLanguageSpecificationIdentifier = xcode.lang.objc; };
		6F10343F16D0E836004A7C35 /* BXCPasswordViewController.h */ = {isa = PBXFileReference; fileEncoding = 4; lastKnownFileType = sourcecode.c.h; path = BXCPasswordViewController.h; sourceTree = "<group>"; };
		6F10344016D0E836004A7C35 /* BXCPasswordViewController.m */ = {isa = PBXFileReference; fileEncoding = 4; lastKnownFileType = sourcecode.c.objc; path = BXCPasswordViewController.m; sourceTree = "<group>"; };
		6F10344316D117F8004A7C35 /* BXCNumberViewController.h */ = {isa = PBXFileReference; fileEncoding = 4; lastKnownFileType = sourcecode.c.h; path = BXCNumberViewController.h; sourceTree = "<group>"; };
		6F10344416D117F8004A7C35 /* BXCNumberViewController.m */ = {isa = PBXFileReference; fileEncoding = 4; lastKnownFileType = sourcecode.c.objc; path = BXCNumberViewController.m; sourceTree = "<group>"; };
		6F10344616D131F9004A7C35 /* MessageUI.framework */ = {isa = PBXFileReference; lastKnownFileType = wrapper.framework; name = MessageUI.framework; path = System/Library/Frameworks/MessageUI.framework; sourceTree = SDKROOT; };
		6F11C6D716F4FE0D00DE7ADD /* iTunesArtwork.png */ = {isa = PBXFileReference; lastKnownFileType = image.png; path = iTunesArtwork.png; sourceTree = "<group>"; };
		6F11C6D816F4FE0D00DE7ADD /* iTunesArtwork@2x.png */ = {isa = PBXFileReference; lastKnownFileType = image.png; path = "iTunesArtwork@2x.png"; sourceTree = "<group>"; };
		6F1830E116E2011600F3DF88 /* BXCCallViewController.h */ = {isa = PBXFileReference; fileEncoding = 4; lastKnownFileType = sourcecode.c.h; path = BXCCallViewController.h; sourceTree = "<group>"; };
		6F1830E216E2011600F3DF88 /* BXCCallViewController.m */ = {isa = PBXFileReference; fileEncoding = 4; lastKnownFileType = sourcecode.c.objc; path = BXCCallViewController.m; sourceTree = "<group>"; };
		6F1830E516E2097A00F3DF88 /* BXCSetDevicesViewController.h */ = {isa = PBXFileReference; fileEncoding = 4; lastKnownFileType = sourcecode.c.h; path = BXCSetDevicesViewController.h; sourceTree = "<group>"; };
		6F1830E616E2097A00F3DF88 /* BXCSetDevicesViewController.m */ = {isa = PBXFileReference; fileEncoding = 4; lastKnownFileType = sourcecode.c.objc; path = BXCSetDevicesViewController.m; sourceTree = "<group>"; };
		6F1830E816E215E000F3DF88 /* BXCTimeAndSpeedViewController.h */ = {isa = PBXFileReference; fileEncoding = 4; lastKnownFileType = sourcecode.c.h; path = BXCTimeAndSpeedViewController.h; sourceTree = "<group>"; };
		6F1830E916E215E000F3DF88 /* BXCTimeAndSpeedViewController.m */ = {isa = PBXFileReference; fileEncoding = 4; lastKnownFileType = sourcecode.c.objc; path = BXCTimeAndSpeedViewController.m; sourceTree = "<group>"; };
		6F2B11DE16B401DC00C07BE8 /* BXCCommandBuilder.h */ = {isa = PBXFileReference; fileEncoding = 4; lastKnownFileType = sourcecode.c.h; path = BXCCommandBuilder.h; sourceTree = "<group>"; };
		6F2B11DF16B401DC00C07BE8 /* BXCCommandBuilder.m */ = {isa = PBXFileReference; fileEncoding = 4; lastKnownFileType = sourcecode.c.objc; path = BXCCommandBuilder.m; sourceTree = "<group>"; };
		6F4EA74817045E150096D5E2 /* en */ = {isa = PBXFileReference; lastKnownFileType = file.storyboard; name = en; path = en.lproj/MainStoryboard_iPhone.storyboard; sourceTree = "<group>"; };
		6F54F12318F9AE4000EE624D /* assemble_off_pressed.png */ = {isa = PBXFileReference; lastKnownFileType = image.png; path = assemble_off_pressed.png; sourceTree = "<group>"; };
		6F54F12418F9AE4000EE624D /* assemble_off.png */ = {isa = PBXFileReference; lastKnownFileType = image.png; path = assemble_off.png; sourceTree = "<group>"; };
		6F54F12518F9AE4000EE624D /* assemble_on__pressed.png */ = {isa = PBXFileReference; lastKnownFileType = image.png; path = assemble_on__pressed.png; sourceTree = "<group>"; };
		6F54F12618F9AE4000EE624D /* assemble_on.png */ = {isa = PBXFileReference; lastKnownFileType = image.png; path = assemble_on.png; sourceTree = "<group>"; };
		6F54F12718F9AE4000EE624D /* banner~iphone.png */ = {isa = PBXFileReference; lastKnownFileType = image.png; path = "banner~iphone.png"; sourceTree = "<group>"; };
		6F54F12A18F9AE4000EE624D /* climate_pressed.png */ = {isa = PBXFileReference; lastKnownFileType = image.png; path = climate_pressed.png; sourceTree = "<group>"; };
		6F54F12B18F9AE4000EE624D /* climate.png */ = {isa = PBXFileReference; lastKnownFileType = image.png; path = climate.png; sourceTree = "<group>"; };
		6F54F12C18F9AE4000EE624D /* engine_pressed.png */ = {isa = PBXFileReference; lastKnownFileType = image.png; path = engine_pressed.png; sourceTree = "<group>"; };
		6F54F12D18F9AE4000EE624D /* engine.png */ = {isa = PBXFileReference; lastKnownFileType = image.png; path = engine.png; sourceTree = "<group>"; };
		6F54F12E18F9AE4000EE624D /* ignition_pressed.png */ = {isa = PBXFileReference; lastKnownFileType = image.png; path = ignition_pressed.png; sourceTree = "<group>"; };
		6F54F12F18F9AE4000EE624D /* ignition.png */ = {isa = PBXFileReference; lastKnownFileType = image.png; path = ignition.png; sourceTree = "<group>"; };
		6F54F13018F9AE4000EE624D /* location_pressed.png */ = {isa = PBXFileReference; lastKnownFileType = image.png; path = location_pressed.png; sourceTree = "<group>"; };
		6F54F13118F9AE4000EE624D /* location.png */ = {isa = PBXFileReference; lastKnownFileType = image.png; path = location.png; sourceTree = "<group>"; };
		6F54F13218F9AE4000EE624D /* sensor_pressed.png */ = {isa = PBXFileReference; lastKnownFileType = image.png; path = sensor_pressed.png; sourceTree = "<group>"; };
		6F54F13318F9AE4000EE624D /* sensor.png */ = {isa = PBXFileReference; lastKnownFileType = image.png; path = sensor.png; sourceTree = "<group>"; };
		6F54F14518F9AE5F00EE624D /* assemble_off_pressed@2x.png */ = {isa = PBXFileReference; lastKnownFileType = image.png; path = "assemble_off_pressed@2x.png"; sourceTree = "<group>"; };
		6F54F14618F9AE5F00EE624D /* assemble_off@2x.png */ = {isa = PBXFileReference; lastKnownFileType = image.png; path = "assemble_off@2x.png"; sourceTree = "<group>"; };
		6F54F14718F9AE5F00EE624D /* assemble_on_pressed@2x.png */ = {isa = PBXFileReference; lastKnownFileType = image.png; path = "assemble_on_pressed@2x.png"; sourceTree = "<group>"; };
		6F54F14818F9AE5F00EE624D /* assemble_on@2x.png */ = {isa = PBXFileReference; lastKnownFileType = image.png; path = "assemble_on@2x.png"; sourceTree = "<group>"; };
		6F54F14918F9AE5F00EE624D /* banner@2x.png */ = {isa = PBXFileReference; lastKnownFileType = image.png; path = "banner@2x.png"; sourceTree = "<group>"; };
		6F54F14A18F9AE5F00EE624D /* climate_pressed@2x.png */ = {isa = PBXFileReference; lastKnownFileType = image.png; path = "climate_pressed@2x.png"; sourceTree = "<group>"; };
		6F54F14B18F9AE5F00EE624D /* climate@2x.png */ = {isa = PBXFileReference; lastKnownFileType = image.png; path = "climate@2x.png"; sourceTree = "<group>"; };
		6F54F14C18F9AE5F00EE624D /* engine_pressed@2x.png */ = {isa = PBXFileReference; lastKnownFileType = image.png; path = "engine_pressed@2x.png"; sourceTree = "<group>"; };
		6F54F14D18F9AE5F00EE624D /* engine@2x.png */ = {isa = PBXFileReference; lastKnownFileType = image.png; path = "engine@2x.png"; sourceTree = "<group>"; };
		6F54F14E18F9AE5F00EE624D /* ignition_pressed@2x.png */ = {isa = PBXFileReference; lastKnownFileType = image.png; path = "ignition_pressed@2x.png"; sourceTree = "<group>"; };
		6F54F14F18F9AE5F00EE624D /* ignition@2x.png */ = {isa = PBXFileReference; lastKnownFileType = image.png; path = "ignition@2x.png"; sourceTree = "<group>"; };
		6F54F15018F9AE5F00EE624D /* location_pressed@2x.png */ = {isa = PBXFileReference; lastKnownFileType = image.png; path = "location_pressed@2x.png"; sourceTree = "<group>"; };
		6F54F15118F9AE5F00EE624D /* location@2x.png */ = {isa = PBXFileReference; lastKnownFileType = image.png; path = "location@2x.png"; sourceTree = "<group>"; };
		6F54F15218F9AE5F00EE624D /* sensor_pressed@2x.png */ = {isa = PBXFileReference; lastKnownFileType = image.png; path = "sensor_pressed@2x.png"; sourceTree = "<group>"; };
		6F54F15318F9AE5F00EE624D /* sensor@2x.png */ = {isa = PBXFileReference; lastKnownFileType = image.png; path = "sensor@2x.png"; sourceTree = "<group>"; };
		6F54F18118F9B53900EE624D /* assemble_off_iphone5.png */ = {isa = PBXFileReference; lastKnownFileType = image.png; path = assemble_off_iphone5.png; sourceTree = "<group>"; };
		6F54F18218F9B53900EE624D /* assemble_off_pressed_iphone5.png */ = {isa = PBXFileReference; lastKnownFileType = image.png; path = assemble_off_pressed_iphone5.png; sourceTree = "<group>"; };
		6F54F18318F9B53900EE624D /* assemble_on_iphone5.png */ = {isa = PBXFileReference; lastKnownFileType = image.png; path = assemble_on_iphone5.png; sourceTree = "<group>"; };
		6F54F18418F9B53900EE624D /* assemble_on_pressed_iphone5.png */ = {isa = PBXFileReference; lastKnownFileType = image.png; path = assemble_on_pressed_iphone5.png; sourceTree = "<group>"; };
		6F54F18518F9B53900EE624D /* banner_iphone5.png */ = {isa = PBXFileReference; lastKnownFileType = image.png; path = banner_iphone5.png; sourceTree = "<group>"; };
		6F54F18618F9B53900EE624D /* climate_iphone5.png */ = {isa = PBXFileReference; lastKnownFileType = image.png; path = climate_iphone5.png; sourceTree = "<group>"; };
		6F54F18718F9B53900EE624D /* climate_pressed_iphone5.png */ = {isa = PBXFileReference; lastKnownFileType = image.png; path = climate_pressed_iphone5.png; sourceTree = "<group>"; };
		6F54F18818F9B53900EE624D /* engine_iphone5.png */ = {isa = PBXFileReference; lastKnownFileType = image.png; path = engine_iphone5.png; sourceTree = "<group>"; };
		6F54F18918F9B53900EE624D /* engine_pressed_iphone5.png */ = {isa = PBXFileReference; lastKnownFileType = image.png; path = engine_pressed_iphone5.png; sourceTree = "<group>"; };
		6F54F18A18F9B53900EE624D /* ignition_iphone5.png */ = {isa = PBXFileReference; lastKnownFileType = image.png; path = ignition_iphone5.png; sourceTree = "<group>"; };
		6F54F18B18F9B53900EE624D /* ignition_pressed_iphone5.png */ = {isa = PBXFileReference; lastKnownFileType = image.png; path = ignition_pressed_iphone5.png; sourceTree = "<group>"; };
		6F54F18C18F9B53900EE624D /* location_iphone5.png */ = {isa = PBXFileReference; lastKnownFileType = image.png; path = location_iphone5.png; sourceTree = "<group>"; };
		6F54F18D18F9B53900EE624D /* location_pressed_iphone5.png */ = {isa = PBXFileReference; lastKnownFileType = image.png; path = location_pressed_iphone5.png; sourceTree = "<group>"; };
		6F54F18E18F9B53900EE624D /* sensor_iphone5.png */ = {isa = PBXFileReference; lastKnownFileType = image.png; path = sensor_iphone5.png; sourceTree = "<group>"; };
		6F54F18F18F9B53900EE624D /* sensor_pressed_iphone5.png */ = {isa = PBXFileReference; lastKnownFileType = image.png; path = sensor_pressed_iphone5.png; sourceTree = "<group>"; };
		6F67C12B16A32C5A00874715 /* W-Bretto.app */ = {isa = PBXFileReference; explicitFileType = wrapper.application; includeInIndex = 0; name = "W-Bretto.app"; path = "X-Bretto.app"; sourceTree = BUILT_PRODUCTS_DIR; };
		6F67C12F16A32C5A00874715 /* UIKit.framework */ = {isa = PBXFileReference; lastKnownFileType = wrapper.framework; name = UIKit.framework; path = System/Library/Frameworks/UIKit.framework; sourceTree = SDKROOT; };
		6F67C13116A32C5B00874715 /* Foundation.framework */ = {isa = PBXFileReference; lastKnownFileType = wrapper.framework; name = Foundation.framework; path = System/Library/Frameworks/Foundation.framework; sourceTree = SDKROOT; };
		6F67C13316A32C5B00874715 /* CoreGraphics.framework */ = {isa = PBXFileReference; lastKnownFileType = wrapper.framework; name = CoreGraphics.framework; path = System/Library/Frameworks/CoreGraphics.framework; sourceTree = SDKROOT; };
		6F67C13716A32C5B00874715 /* BrettoXControl-Info.plist */ = {isa = PBXFileReference; lastKnownFileType = text.plist.xml; path = "BrettoXControl-Info.plist"; sourceTree = "<group>"; };
		6F67C13B16A32C5B00874715 /* main.m */ = {isa = PBXFileReference; lastKnownFileType = sourcecode.c.objc; path = main.m; sourceTree = "<group>"; };
		6F67C13D16A32C5B00874715 /* BrettoXControl-Prefix.pch */ = {isa = PBXFileReference; lastKnownFileType = sourcecode.c.h; path = "BrettoXControl-Prefix.pch"; sourceTree = "<group>"; };
		6F67C13E16A32C5B00874715 /* BXCAppDelegate.h */ = {isa = PBXFileReference; lastKnownFileType = sourcecode.c.h; path = BXCAppDelegate.h; sourceTree = "<group>"; };
		6F67C13F16A32C5B00874715 /* BXCAppDelegate.m */ = {isa = PBXFileReference; lastKnownFileType = sourcecode.c.objc; lineEnding = 0; path = BXCAppDelegate.m; sourceTree = "<group>"; xcLanguageSpecificationIdentifier = xcode.lang.objc; };
		6F67C16116A32CDE00874715 /* BXCHomeViewController.h */ = {isa = PBXFileReference; fileEncoding = 4; lastKnownFileType = sourcecode.c.h; path = BXCHomeViewController.h; sourceTree = "<group>"; };
		6F67C16216A32CDE00874715 /* BXCHomeViewController.m */ = {isa = PBXFileReference; fileEncoding = 4; lastKnownFileType = sourcecode.c.objc; lineEnding = 0; path = BXCHomeViewController.m; sourceTree = "<group>"; xcLanguageSpecificationIdentifier = xcode.lang.objc; };
		6F67C16416A32CF200874715 /* BXCAlarmViewController.h */ = {isa = PBXFileReference; fileEncoding = 4; lastKnownFileType = sourcecode.c.h; path = BXCAlarmViewController.h; sourceTree = "<group>"; };
		6F67C16516A32CF200874715 /* BXCAlarmViewController.m */ = {isa = PBXFileReference; fileEncoding = 4; lastKnownFileType = sourcecode.c.objc; path = BXCAlarmViewController.m; sourceTree = "<group>"; };
		6F67C16716A32CFF00874715 /* BXCSystemViewController.h */ = {isa = PBXFileReference; fileEncoding = 4; lastKnownFileType = sourcecode.c.h; path = BXCSystemViewController.h; sourceTree = "<group>"; };
		6F67C16816A32CFF00874715 /* BXCSystemViewController.m */ = {isa = PBXFileReference; fileEncoding = 4; lastKnownFileType = sourcecode.c.objc; path = BXCSystemViewController.m; sourceTree = "<group>"; };
		6FD22A9C16B72759009AEFE4 /* en */ = {isa = PBXFileReference; lastKnownFileType = text.plist.strings; lineEnding = 0; name = en; path = en.lproj/Localizable.strings; sourceTree = "<group>"; xcLanguageSpecificationIdentifier = xcode.lang.simpleColoring; };
		6FF247D716BEC178004A9629 /* BXCSettingsViewController.h */ = {isa = PBXFileReference; fileEncoding = 4; lastKnownFileType = sourcecode.c.h; path = BXCSettingsViewController.h; sourceTree = "<group>"; };
		6FF247D816BEC178004A9629 /* BXCSettingsViewController.m */ = {isa = PBXFileReference; fileEncoding = 4; lastKnownFileType = sourcecode.c.objc; path = BXCSettingsViewController.m; sourceTree = "<group>"; };
		6FFCDEF916C7B5B900BB4A9E /* alarm@2x.png */ = {isa = PBXFileReference; lastKnownFileType = image.png; path = "alarm@2x.png"; sourceTree = "<group>"; };
		6FFCDEFA16C7B5B900BB4A9E /* home@2x.png */ = {isa = PBXFileReference; lastKnownFileType = image.png; path = "home@2x.png"; sourceTree = "<group>"; };
		6FFCDEFB16C7B5B900BB4A9E /* settings@2x.png */ = {isa = PBXFileReference; lastKnownFileType = image.png; path = "settings@2x.png"; sourceTree = "<group>"; };
		6FFCDEFC16C7B5B900BB4A9E /* system@2x.png */ = {isa = PBXFileReference; lastKnownFileType = image.png; path = "system@2x.png"; sourceTree = "<group>"; };
		6FFCDF0116C7B5C700BB4A9E /* alarm.png */ = {isa = PBXFileReference; lastKnownFileType = image.png; path = alarm.png; sourceTree = "<group>"; };
		6FFCDF0216C7B5C700BB4A9E /* home.png */ = {isa = PBXFileReference; lastKnownFileType = image.png; path = home.png; sourceTree = "<group>"; };
		6FFCDF0316C7B5C700BB4A9E /* settings.png */ = {isa = PBXFileReference; lastKnownFileType = image.png; path = settings.png; sourceTree = "<group>"; };
		6FFCDF0416C7B5C700BB4A9E /* system.png */ = {isa = PBXFileReference; lastKnownFileType = image.png; path = system.png; sourceTree = "<group>"; };
		6FFCDF0A16C7B82500BB4A9E /* button_pressed.png */ = {isa = PBXFileReference; lastKnownFileType = image.png; path = button_pressed.png; sourceTree = "<group>"; };
		6FFCDF0B16C7B82500BB4A9E /* button.png */ = {isa = PBXFileReference; lastKnownFileType = image.png; path = button.png; sourceTree = "<group>"; };
		6FFCDF0E16C7BA3A00BB4A9E /* button_pressed@2x.png */ = {isa = PBXFileReference; lastKnownFileType = image.png; path = "button_pressed@2x.png"; sourceTree = "<group>"; };
		6FFCDF0F16C7BA3A00BB4A9E /* button@2x.png */ = {isa = PBXFileReference; lastKnownFileType = image.png; path = "button@2x.png"; sourceTree = "<group>"; };
		6FFCDF1B16C7BDAC00BB4A9E /* Default.png */ = {isa = PBXFileReference; lastKnownFileType = image.png; path = Default.png; sourceTree = "<group>"; };
		6FFCDF1D16C7BDB900BB4A9E /* Default@2x.png */ = {isa = PBXFileReference; lastKnownFileType = image.png; path = "Default@2x.png"; sourceTree = "<group>"; };
		6FFCDF2316C7BEA000BB4A9E /* Default-568h@2x.png */ = {isa = PBXFileReference; lastKnownFileType = image.png; path = "Default-568h@2x.png"; sourceTree = "<group>"; };
		6FFCDF2516C7BFCC00BB4A9E /* Icon.png */ = {isa = PBXFileReference; lastKnownFileType = image.png; name = Icon.png; path = ../Icon.png; sourceTree = "<group>"; };
		6FFCDF2716C7BFD400BB4A9E /* Icon@2x.png */ = {isa = PBXFileReference; lastKnownFileType = image.png; name = "Icon@2x.png"; path = "../Icon@2x.png"; sourceTree = "<group>"; };
/* End PBXFileReference section */

/* Begin PBXFrameworksBuildPhase section */
		6F67C12816A32C5A00874715 /* Frameworks */ = {
			isa = PBXFrameworksBuildPhase;
			buildActionMask = 2147483647;
			files = (
				6F10344716D131F9004A7C35 /* MessageUI.framework in Frameworks */,
				6F67C13016A32C5B00874715 /* UIKit.framework in Frameworks */,
				6F67C13216A32C5B00874715 /* Foundation.framework in Frameworks */,
				6F67C13416A32C5B00874715 /* CoreGraphics.framework in Frameworks */,
			);
			runOnlyForDeploymentPostprocessing = 0;
		};
/* End PBXFrameworksBuildPhase section */

/* Begin PBXGroup section */
		6F0EA6CC16E3521700043C39 /* Wizzard */ = {
			isa = PBXGroup;
			children = (
				6F0EA6CE16E3522900043C39 /* BXCStep1ViewController.h */,
				6F0EA6CF16E3522900043C39 /* BXCStep1ViewController.m */,
				6F0EA6D116E3590D00043C39 /* BXCStep2ViewController.h */,
				6F0EA6D216E3590D00043C39 /* BXCStep2ViewController.m */,
				6F0EA6D416E35F3200043C39 /* BXCStep3ViewController.h */,
				6F0EA6D516E35F3200043C39 /* BXCStep3ViewController.m */,
			);
			name = Wizzard;
			sourceTree = "<group>";
		};
		6F2B11DB16B4017A00C07BE8 /* Resources */ = {
			isa = PBXGroup;
			children = (
				6F4EA74717045E150096D5E2 /* MainStoryboard_iPhone.storyboard */,
			);
			name = Resources;
			sourceTree = "<group>";
		};
		6F2B11DD16B4018A00C07BE8 /* Images */ = {
			isa = PBXGroup;
			children = (
				6FFCDF0E16C7BA3A00BB4A9E /* button_pressed@2x.png */,
				6FFCDF0F16C7BA3A00BB4A9E /* button@2x.png */,
				6FFCDF0A16C7B82500BB4A9E /* button_pressed.png */,
				6FFCDF0B16C7B82500BB4A9E /* button.png */,
				6FFCDEF816C7B5A000BB4A9E /* tab bar */,
				6FFCDED416C7AD3000BB4A9E /* home */,
			);
			name = Images;
			sourceTree = "<group>";
		};
		6F67C12016A32C5A00874715 = {
			isa = PBXGroup;
			children = (
				6F67C13516A32C5B00874715 /* BrettoXControl */,
				6F67C12E16A32C5A00874715 /* Frameworks */,
				6F67C12C16A32C5A00874715 /* Products */,
			);
			sourceTree = "<group>";
		};
		6F67C12C16A32C5A00874715 /* Products */ = {
			isa = PBXGroup;
			children = (
				6F67C12B16A32C5A00874715 /* W-Bretto.app */,
			);
			name = Products;
			sourceTree = "<group>";
		};
		6F67C12E16A32C5A00874715 /* Frameworks */ = {
			isa = PBXGroup;
			children = (
				6F10344616D131F9004A7C35 /* MessageUI.framework */,
				6F67C12F16A32C5A00874715 /* UIKit.framework */,
				6F67C13116A32C5B00874715 /* Foundation.framework */,
				6F67C13316A32C5B00874715 /* CoreGraphics.framework */,
			);
			name = Frameworks;
			sourceTree = "<group>";
		};
		6F67C13516A32C5B00874715 /* BrettoXControl */ = {
			isa = PBXGroup;
			children = (
				6F2B11DD16B4018A00C07BE8 /* Images */,
				6F2B11DB16B4017A00C07BE8 /* Resources */,
				6F67C16016A32CAD00874715 /* ViewControllers */,
				6F67C13E16A32C5B00874715 /* BXCAppDelegate.h */,
				6F67C13F16A32C5B00874715 /* BXCAppDelegate.m */,
				6F2B11DE16B401DC00C07BE8 /* BXCCommandBuilder.h */,
				6F2B11DF16B401DC00C07BE8 /* BXCCommandBuilder.m */,
				6F67C13616A32C5B00874715 /* Supporting Files */,
			);
			name = BrettoXControl;
			path = BrettoWControl;
			sourceTree = "<group>";
		};
		6F67C13616A32C5B00874715 /* Supporting Files */ = {
			isa = PBXGroup;
			children = (
				6F11C6D716F4FE0D00DE7ADD /* iTunesArtwork.png */,
				6F11C6D816F4FE0D00DE7ADD /* iTunesArtwork@2x.png */,
				6FFCDF2716C7BFD400BB4A9E /* Icon@2x.png */,
				6FFCDF2516C7BFCC00BB4A9E /* Icon.png */,
				6FFCDF2316C7BEA000BB4A9E /* Default-568h@2x.png */,
				6FFCDF1D16C7BDB900BB4A9E /* Default@2x.png */,
				6FFCDF1B16C7BDAC00BB4A9E /* Default.png */,
				6FD22A9B16B72759009AEFE4 /* Localizable.strings */,
				6F67C13716A32C5B00874715 /* BrettoXControl-Info.plist */,
				6F67C13B16A32C5B00874715 /* main.m */,
				6F67C13D16A32C5B00874715 /* BrettoXControl-Prefix.pch */,
			);
			name = "Supporting Files";
			sourceTree = "<group>";
		};
		6F67C16016A32CAD00874715 /* ViewControllers */ = {
			isa = PBXGroup;
			children = (
				6F0EA6CC16E3521700043C39 /* Wizzard */,
				6F67C16116A32CDE00874715 /* BXCHomeViewController.h */,
				6F67C16216A32CDE00874715 /* BXCHomeViewController.m */,
				6F67C16416A32CF200874715 /* BXCAlarmViewController.h */,
				6F67C16516A32CF200874715 /* BXCAlarmViewController.m */,
				6F67C16716A32CFF00874715 /* BXCSystemViewController.h */,
				6F67C16816A32CFF00874715 /* BXCSystemViewController.m */,
				6FF247D716BEC178004A9629 /* BXCSettingsViewController.h */,
				6FF247D816BEC178004A9629 /* BXCSettingsViewController.m */,
				6F10343F16D0E836004A7C35 /* BXCPasswordViewController.h */,
				6F10344016D0E836004A7C35 /* BXCPasswordViewController.m */,
				6F10344316D117F8004A7C35 /* BXCNumberViewController.h */,
				6F10344416D117F8004A7C35 /* BXCNumberViewController.m */,
				6F1830E116E2011600F3DF88 /* BXCCallViewController.h */,
				6F1830E216E2011600F3DF88 /* BXCCallViewController.m */,
				6F1830E516E2097A00F3DF88 /* BXCSetDevicesViewController.h */,
				6F1830E616E2097A00F3DF88 /* BXCSetDevicesViewController.m */,
				6F1830E816E215E000F3DF88 /* BXCTimeAndSpeedViewController.h */,
				6F1830E916E215E000F3DF88 /* BXCTimeAndSpeedViewController.m */,
			);
			name = ViewControllers;
			sourceTree = "<group>";
		};
		6FFCDED416C7AD3000BB4A9E /* home */ = {
			isa = PBXGroup;
			children = (
				6FFCDF2916C7C03600BB4A9E /* iphone */,
				6FFCDF0916C7B7B000BB4A9E /* iphone 5 */,
			);
			name = home;
			sourceTree = "<group>";
		};
		6FFCDEF816C7B5A000BB4A9E /* tab bar */ = {
			isa = PBXGroup;
			children = (
				6FFCDF0116C7B5C700BB4A9E /* alarm.png */,
				6FFCDF0216C7B5C700BB4A9E /* home.png */,
				6FFCDF0316C7B5C700BB4A9E /* settings.png */,
				6FFCDF0416C7B5C700BB4A9E /* system.png */,
				6FFCDEF916C7B5B900BB4A9E /* alarm@2x.png */,
				6FFCDEFA16C7B5B900BB4A9E /* home@2x.png */,
				6FFCDEFB16C7B5B900BB4A9E /* settings@2x.png */,
				6FFCDEFC16C7B5B900BB4A9E /* system@2x.png */,
			);
			name = "tab bar";
			sourceTree = "<group>";
		};
		6FFCDF0916C7B7B000BB4A9E /* iphone 5 */ = {
			isa = PBXGroup;
			children = (
				6F54F18118F9B53900EE624D /* assemble_off_iphone5.png */,
				6F54F18218F9B53900EE624D /* assemble_off_pressed_iphone5.png */,
				6F54F18318F9B53900EE624D /* assemble_on_iphone5.png */,
				6F54F18418F9B53900EE624D /* assemble_on_pressed_iphone5.png */,
				6F54F18518F9B53900EE624D /* banner_iphone5.png */,
				6F54F18618F9B53900EE624D /* climate_iphone5.png */,
				6F54F18718F9B53900EE624D /* climate_pressed_iphone5.png */,
				6F54F18818F9B53900EE624D /* engine_iphone5.png */,
				6F54F18918F9B53900EE624D /* engine_pressed_iphone5.png */,
				6F54F18A18F9B53900EE624D /* ignition_iphone5.png */,
				6F54F18B18F9B53900EE624D /* ignition_pressed_iphone5.png */,
				6F54F18C18F9B53900EE624D /* location_iphone5.png */,
				6F54F18D18F9B53900EE624D /* location_pressed_iphone5.png */,
				6F54F18E18F9B53900EE624D /* sensor_iphone5.png */,
				6F54F18F18F9B53900EE624D /* sensor_pressed_iphone5.png */,
			);
			name = "iphone 5";
			sourceTree = "<group>";
		};
		6FFCDF2916C7C03600BB4A9E /* iphone */ = {
			isa = PBXGroup;
			children = (
				6F54F14518F9AE5F00EE624D /* assemble_off_pressed@2x.png */,
				6F54F14618F9AE5F00EE624D /* assemble_off@2x.png */,
				6F54F14718F9AE5F00EE624D /* assemble_on_pressed@2x.png */,
				6F54F14818F9AE5F00EE624D /* assemble_on@2x.png */,
				6F54F14918F9AE5F00EE624D /* banner@2x.png */,
				6F54F14A18F9AE5F00EE624D /* climate_pressed@2x.png */,
				6F54F14B18F9AE5F00EE624D /* climate@2x.png */,
				6F54F14C18F9AE5F00EE624D /* engine_pressed@2x.png */,
				6F54F14D18F9AE5F00EE624D /* engine@2x.png */,
				6F54F14E18F9AE5F00EE624D /* ignition_pressed@2x.png */,
				6F54F14F18F9AE5F00EE624D /* ignition@2x.png */,
				6F54F15018F9AE5F00EE624D /* location_pressed@2x.png */,
				6F54F15118F9AE5F00EE624D /* location@2x.png */,
				6F54F15218F9AE5F00EE624D /* sensor_pressed@2x.png */,
				6F54F15318F9AE5F00EE624D /* sensor@2x.png */,
				6F54F12318F9AE4000EE624D /* assemble_off_pressed.png */,
				6F54F12418F9AE4000EE624D /* assemble_off.png */,
				6F54F12518F9AE4000EE624D /* assemble_on__pressed.png */,
				6F54F12618F9AE4000EE624D /* assemble_on.png */,
				6F54F12718F9AE4000EE624D /* banner~iphone.png */,
				6F54F12A18F9AE4000EE624D /* climate_pressed.png */,
				6F54F12B18F9AE4000EE624D /* climate.png */,
				6F54F12C18F9AE4000EE624D /* engine_pressed.png */,
				6F54F12D18F9AE4000EE624D /* engine.png */,
				6F54F12E18F9AE4000EE624D /* ignition_pressed.png */,
				6F54F12F18F9AE4000EE624D /* ignition.png */,
				6F54F13018F9AE4000EE624D /* location_pressed.png */,
				6F54F13118F9AE4000EE624D /* location.png */,
				6F54F13218F9AE4000EE624D /* sensor_pressed.png */,
				6F54F13318F9AE4000EE624D /* sensor.png */,
			);
			name = iphone;
			sourceTree = "<group>";
		};
/* End PBXGroup section */

/* Begin PBXNativeTarget section */
		6F67C12A16A32C5A00874715 /* X-Bretto */ = {
			isa = PBXNativeTarget;
			buildConfigurationList = 6F67C15D16A32C5B00874715 /* Build configuration list for PBXNativeTarget "X-Bretto" */;
			buildPhases = (
				6F67C12716A32C5A00874715 /* Sources */,
				6F67C12816A32C5A00874715 /* Frameworks */,
				6F67C12916A32C5A00874715 /* Resources */,
			);
			buildRules = (
			);
			dependencies = (
			);
			name = "X-Bretto";
			productName = BrettoWControl;
			productReference = 6F67C12B16A32C5A00874715 /* W-Bretto.app */;
			productType = "com.apple.product-type.application";
		};
/* End PBXNativeTarget section */

/* Begin PBXProject section */
		6F67C12216A32C5A00874715 /* Project object */ = {
			isa = PBXProject;
			attributes = {
				CLASSPREFIX = BXC;
				LastUpgradeCheck = 0450;
				ORGANIZATIONNAME = MobiOak;
			};
			buildConfigurationList = 6F67C12516A32C5A00874715 /* Build configuration list for PBXProject "BrettoXControl" */;
			compatibilityVersion = "Xcode 3.2";
			developmentRegion = English;
			hasScannedForEncodings = 0;
			knownRegions = (
				en,
				Base,
			);
			mainGroup = 6F67C12016A32C5A00874715;
			productRefGroup = 6F67C12C16A32C5A00874715 /* Products */;
			projectDirPath = "";
			projectRoot = "";
			targets = (
				6F67C12A16A32C5A00874715 /* X-Bretto */,
			);
		};
/* End PBXProject section */

/* Begin PBXResourcesBuildPhase section */
		6F67C12916A32C5A00874715 /* Resources */ = {
			isa = PBXResourcesBuildPhase;
			buildActionMask = 2147483647;
			files = (
				6F54F19018F9B53900EE624D /* assemble_off_iphone5.png in Resources */,
				6F4EA74917045E150096D5E2 /* MainStoryboard_iPhone.storyboard in Resources */,
				6F54F13C18F9AE4000EE624D /* climate.png in Resources */,
				6F54F15E18F9AE5F00EE624D /* ignition@2x.png in Resources */,
				6FD22A9D16B72759009AEFE4 /* Localizable.strings in Resources */,
				6FFCDEFD16C7B5B900BB4A9E /* alarm@2x.png in Resources */,
				6F54F14218F9AE4000EE624D /* location.png in Resources */,
				6F54F15C18F9AE5F00EE624D /* engine@2x.png in Resources */,
				6F54F15B18F9AE5F00EE624D /* engine_pressed@2x.png in Resources */,
				6FFCDEFE16C7B5B900BB4A9E /* home@2x.png in Resources */,
				6F54F19418F9B53900EE624D /* banner_iphone5.png in Resources */,
				6F54F13718F9AE4000EE624D /* assemble_on.png in Resources */,
				6FFCDEFF16C7B5B900BB4A9E /* settings@2x.png in Resources */,
				6F54F13D18F9AE4000EE624D /* engine_pressed.png in Resources */,
				6FFCDF0016C7B5B900BB4A9E /* system@2x.png in Resources */,
				6FFCDF0516C7B5C700BB4A9E /* alarm.png in Resources */,
				6F54F19A18F9B53900EE624D /* ignition_pressed_iphone5.png in Resources */,
				6FFCDF0616C7B5C700BB4A9E /* home.png in Resources */,
				6F54F15618F9AE5F00EE624D /* assemble_on_pressed@2x.png in Resources */,
				6F54F13418F9AE4000EE624D /* assemble_off_pressed.png in Resources */,
				6F54F19C18F9B53900EE624D /* location_pressed_iphone5.png in Resources */,
				6F54F19818F9B53900EE624D /* engine_pressed_iphone5.png in Resources */,
				6F54F15518F9AE5F00EE624D /* assemble_off@2x.png in Resources */,
				6F54F19218F9B53900EE624D /* assemble_on_iphone5.png in Resources */,
				6FFCDF0716C7B5C700BB4A9E /* settings.png in Resources */,
				6F54F16118F9AE5F00EE624D /* sensor_pressed@2x.png in Resources */,
				6FFCDF0816C7B5C700BB4A9E /* system.png in Resources */,
				6FFCDF0C16C7B82500BB4A9E /* button_pressed.png in Resources */,
				6FFCDF0D16C7B82500BB4A9E /* button.png in Resources */,
				6FFCDF1016C7BA3B00BB4A9E /* button_pressed@2x.png in Resources */,
				6F54F19518F9B53900EE624D /* climate_iphone5.png in Resources */,
				6F54F13E18F9AE4000EE624D /* engine.png in Resources */,
				6F54F19718F9B53900EE624D /* engine_iphone5.png in Resources */,
				6F54F13F18F9AE4000EE624D /* ignition_pressed.png in Resources */,
				6F54F16018F9AE5F00EE624D /* location@2x.png in Resources */,
				6F54F19118F9B53900EE624D /* assemble_off_pressed_iphone5.png in Resources */,
				6F54F15D18F9AE5F00EE624D /* ignition_pressed@2x.png in Resources */,
				6FFCDF1116C7BA3B00BB4A9E /* button@2x.png in Resources */,
				6F54F15A18F9AE5F00EE624D /* climate@2x.png in Resources */,
				6F54F13618F9AE4000EE624D /* assemble_on__pressed.png in Resources */,
				6F54F13B18F9AE4000EE624D /* climate_pressed.png in Resources */,
				6F54F15918F9AE5F00EE624D /* climate_pressed@2x.png in Resources */,
				6F54F15418F9AE5F00EE624D /* assemble_off_pressed@2x.png in Resources */,
				6F54F19B18F9B53900EE624D /* location_iphone5.png in Resources */,
				6F54F15F18F9AE5F00EE624D /* location_pressed@2x.png in Resources */,
				6FFCDF1C16C7BDAC00BB4A9E /* Default.png in Resources */,
				6F54F13518F9AE4000EE624D /* assemble_off.png in Resources */,
				6F54F14418F9AE4000EE624D /* sensor.png in Resources */,
				6FFCDF1E16C7BDB900BB4A9E /* Default@2x.png in Resources */,
				6F54F19E18F9B53900EE624D /* sensor_pressed_iphone5.png in Resources */,
				6F54F19918F9B53900EE624D /* ignition_iphone5.png in Resources */,
				6FFCDF2416C7BEA000BB4A9E /* Default-568h@2x.png in Resources */,
				6F54F19318F9B53900EE624D /* assemble_on_pressed_iphone5.png in Resources */,
				6F54F15718F9AE5F00EE624D /* assemble_on@2x.png in Resources */,
				6F54F19618F9B53900EE624D /* climate_pressed_iphone5.png in Resources */,
				6F54F14118F9AE4000EE624D /* location_pressed.png in Resources */,
				6F54F14018F9AE4000EE624D /* ignition.png in Resources */,
				6F54F19D18F9B53900EE624D /* sensor_iphone5.png in Resources */,
				6FFCDF2616C7BFCC00BB4A9E /* Icon.png in Resources */,
				6F54F14318F9AE4000EE624D /* sensor_pressed.png in Resources */,
				6FFCDF2816C7BFD400BB4A9E /* Icon@2x.png in Resources */,
				6F54F13818F9AE4000EE624D /* banner~iphone.png in Resources */,
				6F11C6D916F4FE0D00DE7ADD /* iTunesArtwork.png in Resources */,
				6F11C6DA16F4FE0D00DE7ADD /* iTunesArtwork@2x.png in Resources */,
				6F54F16218F9AE5F00EE624D /* sensor@2x.png in Resources */,
				6F54F15818F9AE5F00EE624D /* banner@2x.png in Resources */,
			);
			runOnlyForDeploymentPostprocessing = 0;
		};
/* End PBXResourcesBuildPhase section */

/* Begin PBXSourcesBuildPhase section */
		6F67C12716A32C5A00874715 /* Sources */ = {
			isa = PBXSourcesBuildPhase;
			buildActionMask = 2147483647;
			files = (
				6F67C13C16A32C5B00874715 /* main.m in Sources */,
				6F67C14016A32C5B00874715 /* BXCAppDelegate.m in Sources */,
				6F67C16316A32CDE00874715 /* BXCHomeViewController.m in Sources */,
				6F67C16616A32CF200874715 /* BXCAlarmViewController.m in Sources */,
				6F67C16916A32CFF00874715 /* BXCSystemViewController.m in Sources */,
				6F2B11E016B401DC00C07BE8 /* BXCCommandBuilder.m in Sources */,
				6FF247D916BEC178004A9629 /* BXCSettingsViewController.m in Sources */,
				6F10344116D0E836004A7C35 /* BXCPasswordViewController.m in Sources */,
				6F10344516D117F8004A7C35 /* BXCNumberViewController.m in Sources */,
				6F1830E316E2011600F3DF88 /* BXCCallViewController.m in Sources */,
				6F1830E716E2097A00F3DF88 /* BXCSetDevicesViewController.m in Sources */,
				6F1830EA16E215E000F3DF88 /* BXCTimeAndSpeedViewController.m in Sources */,
				6F0EA6D016E3522900043C39 /* BXCStep1ViewController.m in Sources */,
				6F0EA6D316E3590D00043C39 /* BXCStep2ViewController.m in Sources */,
				6F0EA6D616E35F3200043C39 /* BXCStep3ViewController.m in Sources */,
			);
			runOnlyForDeploymentPostprocessing = 0;
		};
/* End PBXSourcesBuildPhase section */

/* Begin PBXVariantGroup section */
		6F4EA74717045E150096D5E2 /* MainStoryboard_iPhone.storyboard */ = {
			isa = PBXVariantGroup;
			children = (
				6F4EA74817045E150096D5E2 /* en */,
			);
			name = MainStoryboard_iPhone.storyboard;
			sourceTree = "<group>";
		};
		6FD22A9B16B72759009AEFE4 /* Localizable.strings */ = {
			isa = PBXVariantGroup;
			children = (
				6FD22A9C16B72759009AEFE4 /* en */,
			);
			name = Localizable.strings;
			sourceTree = "<group>";
		};
/* End PBXVariantGroup section */

/* Begin XCBuildConfiguration section */
		6F67C15B16A32C5B00874715 /* Debug */ = {
			isa = XCBuildConfiguration;
			buildSettings = {
				ALWAYS_SEARCH_USER_PATHS = NO;
				CLANG_CXX_LANGUAGE_STANDARD = "gnu++0x";
				CLANG_CXX_LIBRARY = "libc++";
				CLANG_ENABLE_OBJC_ARC = YES;
				CLANG_WARN_EMPTY_BODY = YES;
				CLANG_WARN__DUPLICATE_METHOD_MATCH = YES;
				"CODE_SIGN_IDENTITY[sdk=iphoneos*]" = "iPhone Developer";
				COPY_PHASE_STRIP = NO;
				GCC_C_LANGUAGE_STANDARD = gnu99;
				GCC_DYNAMIC_NO_PIC = NO;
				GCC_OPTIMIZATION_LEVEL = 0;
				GCC_PREPROCESSOR_DEFINITIONS = (
					"DEBUG=1",
					"$(inherited)",
				);
				GCC_SYMBOLS_PRIVATE_EXTERN = NO;
				GCC_WARN_ABOUT_RETURN_TYPE = YES;
				GCC_WARN_UNINITIALIZED_AUTOS = YES;
				GCC_WARN_UNUSED_VARIABLE = YES;
				IPHONEOS_DEPLOYMENT_TARGET = 5.1;
				ONLY_ACTIVE_ARCH = YES;
				SDKROOT = iphoneos;
				TARGETED_DEVICE_FAMILY = "1,2";
			};
			name = Debug;
		};
		6F67C15C16A32C5B00874715 /* Release */ = {
			isa = XCBuildConfiguration;
			buildSettings = {
				ALWAYS_SEARCH_USER_PATHS = NO;
				CLANG_CXX_LANGUAGE_STANDARD = "gnu++0x";
				CLANG_CXX_LIBRARY = "libc++";
				CLANG_ENABLE_OBJC_ARC = YES;
				CLANG_WARN_EMPTY_BODY = YES;
				CLANG_WARN__DUPLICATE_METHOD_MATCH = YES;
				"CODE_SIGN_IDENTITY[sdk=iphoneos*]" = "iPhone Developer";
				COPY_PHASE_STRIP = YES;
				GCC_C_LANGUAGE_STANDARD = gnu99;
				GCC_WARN_ABOUT_RETURN_TYPE = YES;
				GCC_WARN_UNINITIALIZED_AUTOS = YES;
				GCC_WARN_UNUSED_VARIABLE = YES;
				IPHONEOS_DEPLOYMENT_TARGET = 5.1;
				OTHER_CFLAGS = "-DNS_BLOCK_ASSERTIONS=1";
				SDKROOT = iphoneos;
				TARGETED_DEVICE_FAMILY = "1,2";
				VALIDATE_PRODUCT = YES;
			};
			name = Release;
		};
		6F67C15E16A32C5B00874715 /* Debug */ = {
			isa = XCBuildConfiguration;
			buildSettings = {
				CODE_SIGN_IDENTITY = "iPhone Developer: Jaime Aranaz (JHP429439D)";
				"CODE_SIGN_IDENTITY[sdk=iphoneos*]" = "iPhone Developer: Jaime Aranaz (JHP429439D)";
				GCC_PRECOMPILE_PREFIX_HEADER = YES;
				GCC_PREFIX_HEADER = "BrettoWControl/BrettoXControl-Prefix.pch";
				INFOPLIST_FILE = "BrettoWControl/BrettoXControl-Info.plist";
				IPHONEOS_DEPLOYMENT_TARGET = 6.0;
				PRODUCT_NAME = "$(TARGET_NAME)";
				PROVISIONING_PROFILE = "";
				"PROVISIONING_PROFILE[sdk=iphoneos*]" = "";
				TARGETED_DEVICE_FAMILY = 1;
				WRAPPER_EXTENSION = app;
			};
			name = Debug;
		};
		6F67C15F16A32C5B00874715 /* Release */ = {
			isa = XCBuildConfiguration;
			buildSettings = {
				CODE_SIGN_IDENTITY = "iPhone Distribution: Jaime Aranaz";
				"CODE_SIGN_IDENTITY[sdk=iphoneos*]" = "iPhone Distribution: Jaime Aranaz";
				GCC_PRECOMPILE_PREFIX_HEADER = YES;
				GCC_PREFIX_HEADER = "BrettoWControl/BrettoXControl-Prefix.pch";
				INFOPLIST_FILE = "BrettoWControl/BrettoXControl-Info.plist";
				IPHONEOS_DEPLOYMENT_TARGET = 6.0;
				PRODUCT_NAME = "$(TARGET_NAME)";
				PROVISIONING_PROFILE = "";
				"PROVISIONING_PROFILE[sdk=iphoneos*]" = "";
				TARGETED_DEVICE_FAMILY = 1;
				WRAPPER_EXTENSION = app;
			};
			name = Release;
		};
/* End XCBuildConfiguration section */

/* Begin XCConfigurationList section */
		6F67C12516A32C5A00874715 /* Build configuration list for PBXProject "BrettoXControl" */ = {
			isa = XCConfigurationList;
			buildConfigurations = (
				6F67C15B16A32C5B00874715 /* Debug */,
				6F67C15C16A32C5B00874715 /* Release */,
			);
			defaultConfigurationIsVisible = 0;
			defaultConfigurationName = Release;
		};
		6F67C15D16A32C5B00874715 /* Build configuration list for PBXNativeTarget "X-Bretto" */ = {
			isa = XCConfigurationList;
			buildConfigurations = (
				6F67C15E16A32C5B00874715 /* Debug */,
				6F67C15F16A32C5B00874715 /* Release */,
			);
			defaultConfigurationIsVisible = 0;
			defaultConfigurationName = Release;
		};
/* End XCConfigurationList section */
	};
	rootObject = 6F67C12216A32C5A00874715 /* Project object */;
}
